// !$*UTF8*$!
{
	archiveVersion = 1;
	classes = {
	};
	objectVersion = 55;
	objects = {

/* Begin PBXBuildFile section */
		D006BA7E2B115FB1002E555B /* LocationManager.swift in Sources */ = {isa = PBXBuildFile; fileRef = D006BA7D2B115FB1002E555B /* LocationManager.swift */; };
		D008D2AA28739167007A7BE2 /* .gitignore in Resources */ = {isa = PBXBuildFile; fileRef = D008D2A928739167007A7BE2 /* .gitignore */; };
		D01793FE2B6404ED00095E8C /* SwiftyJSON.swift in Sources */ = {isa = PBXBuildFile; fileRef = D01793FD2B6404ED00095E8C /* SwiftyJSON.swift */; };
		D01D2B6227D3BBDC00E2FE41 /* View+Navigate.swift in Sources */ = {isa = PBXBuildFile; fileRef = D01D2B6127D3BBDC00E2FE41 /* View+Navigate.swift */; };
		D024F11628423BE60055021B /* Sounds.swift in Sources */ = {isa = PBXBuildFile; fileRef = D024F11528423BE60055021B /* Sounds.swift */; };
		D0275F5527E3E21F002FA4FE /* View+OnTapGesture.swift in Sources */ = {isa = PBXBuildFile; fileRef = D0275F5427E3E21F002FA4FE /* View+OnTapGesture.swift */; };
		D02C273C2AEE6F870005F957 /* AndersMembersProvider.swift in Sources */ = {isa = PBXBuildFile; fileRef = D02C273B2AEE6F870005F957 /* AndersMembersProvider.swift */; };
		D02C273E2AEE6FCD0005F957 /* AndersMembersProvider+InsertSomeHardcodedMemberData.swift in Sources */ = {isa = PBXBuildFile; fileRef = D02C273D2AEE6FCD0005F957 /* AndersMembersProvider+InsertSomeHardcodedMemberData.swift */; };
		D030CD652B3AE2E800A12E90 /* OrganizationType.swift in Sources */ = {isa = PBXBuildFile; fileRef = D030CD642B3AE2E800A12E90 /* OrganizationType.swift */; };
		D032944A283F9D1D0044C70C /* Bundle+VersionBuild.swift in Sources */ = {isa = PBXBuildFile; fileRef = D0329449283F9D1D0044C70C /* Bundle+VersionBuild.swift */; };
		D0362A872AC3A21200F87378 /* String+containsWordUsingNLP.swift in Sources */ = {isa = PBXBuildFile; fileRef = D0362A862AC3A21200F87378 /* String+containsWordUsingNLP.swift */; };
		D03AB6AC2BBEBD3700F33E74 /* fgAnders.level2.json in Resources */ = {isa = PBXBuildFile; fileRef = D08416912B2FA3C2000F316D /* fgAnders.level2.json */; };
		D03AB6AD2BBEBD3C00F33E74 /* test2Club2Museum.level1.json in Resources */ = {isa = PBXBuildFile; fileRef = D0A5B7EE2B45F67E001FAD59 /* test2Club2Museum.level1.json */; };
		D040566D29A0287200CB64B8 /* MemberPortfolioRow.swift in Sources */ = {isa = PBXBuildFile; fileRef = D040566C29A0287200CB64B8 /* MemberPortfolioRow.swift */; };
		D0416280295BB9DF00ED073A /* NSPredicate+all.swift in Sources */ = {isa = PBXBuildFile; fileRef = D041627F295BB9DF00ED073A /* NSPredicate+all.swift */; };
		D0416282295BBA7700ED073A /* CoreLocation+Equatable.swift in Sources */ = {isa = PBXBuildFile; fileRef = D0416281295BBA7700ED073A /* CoreLocation+Equatable.swift */; };
		D044646527FCE7C100990613 /* UIDevice+IsIPad.swift in Sources */ = {isa = PBXBuildFile; fileRef = D044646427FCE7C100990613 /* UIDevice+IsIPad.swift */; };
		D0447C882BA510AF00982A1E /* Language.swift in Sources */ = {isa = PBXBuildFile; fileRef = D0447C862BA510AF00982A1E /* Language.swift */; };
		D0447C892BA510AF00982A1E /* LocalizedRemark.swift in Sources */ = {isa = PBXBuildFile; fileRef = D0447C872BA510AF00982A1E /* LocalizedRemark.swift */; };
		D04A2B122AC0958C003ED113 /* LineCount.xlsx in Resources */ = {isa = PBXBuildFile; fileRef = D04A2B112AC0958C003ED113 /* LineCount.xlsx */; };
		D04DFD882B39F788006EF297 /* Published+UserDefaults.swift in Sources */ = {isa = PBXBuildFile; fileRef = D0831A40277F731C0049AB84 /* Published+UserDefaults.swift */; };
		D053F23D2B54430C00662EF8 /* Photo-Club-Hub-InfoPlist.strings in Resources */ = {isa = PBXBuildFile; fileRef = D053F23B2B54430C00662EF8 /* Photo-Club-Hub-InfoPlist.strings */; };
		D05414F72AC7499000D899D8 /* FotogroepDeGenderMembersProvider.swift in Sources */ = {isa = PBXBuildFile; fileRef = D05414F62AC7499000D899D8 /* FotogroepDeGenderMembersProvider.swift */; };
		D05414F92AC749EC00D899D8 /* FotogroepDeGenderMembersProvider+insertSomeHardcodedMemberDataCommon.swift in Sources */ = {isa = PBXBuildFile; fileRef = D05414F82AC749EC00D899D8 /* FotogroepDeGenderMembersProvider+insertSomeHardcodedMemberDataCommon.swift */; };
		D05E451E27EF2A2C00D31327 /* ReadmeView.swift in Sources */ = {isa = PBXBuildFile; fileRef = D05E451D27EF2A2C00D31327 /* ReadmeView.swift */; };
		D06061E828A0453F00A675A7 /* FGWPrivateMembersURL2.txt in Resources */ = {isa = PBXBuildFile; fileRef = D06061E728A0453F00A675A7 /* FGWPrivateMembersURL2.txt */; };
		D06061EA28A0456C00A675A7 /* FGWPrivateMembersURL3.txt in Resources */ = {isa = PBXBuildFile; fileRef = D06061E928A0456C00A675A7 /* FGWPrivateMembersURL3.txt */; };
		D06061ED28A05D4600A675A7 /* String+Paths.swift in Sources */ = {isa = PBXBuildFile; fileRef = D06061EC28A05D4600A675A7 /* String+Paths.swift */; };
		D0621E812AE2D7DE000FFADB /* MemberPortfolio+roles.swift in Sources */ = {isa = PBXBuildFile; fileRef = D0621E802AE2D7DE000FFADB /* MemberPortfolio+roles.swift */; };
		D0621E852AE2E085000FFADB /* MemberPortfolio+updating.swift in Sources */ = {isa = PBXBuildFile; fileRef = D0621E842AE2E085000FFADB /* MemberPortfolio+updating.swift */; };
		D0621E892AE2E47B000FFADB /* MemberPortfolio+refreshFirstImage.swift in Sources */ = {isa = PBXBuildFile; fileRef = D0621E882AE2E47B000FFADB /* MemberPortfolio+refreshFirstImage.swift */; };
		D06754A02942B23F00C0AB08 /* FotogroepWaalreMembersProvide+enumHTMLPageLoadingState.swift in Sources */ = {isa = PBXBuildFile; fileRef = D067549F2942B23F00C0AB08 /* FotogroepWaalreMembersProvide+enumHTMLPageLoadingState.swift */; };
		D06BE9332A4F870B0055B3B1 /* ifDebugUtils.swift in Sources */ = {isa = PBXBuildFile; fileRef = D06BE9322A4F870B0055B3B1 /* ifDebugUtils.swift */; };
		D0795CEC294FCCC200FA62A8 /* ShapeStyle+Colors.swift in Sources */ = {isa = PBXBuildFile; fileRef = D0795CEB294FCCC200FA62A8 /* ShapeStyle+Colors.swift */; };
		D081655F278616930078AB16 /* SinglePortfolioView.swift in Sources */ = {isa = PBXBuildFile; fileRef = D081655E278616930078AB16 /* SinglePortfolioView.swift */; };
		D08281312959C6F400D9C232 /* FGWMembersProvider+extractPhone.swift in Sources */ = {isa = PBXBuildFile; fileRef = D08281302959C6F400D9C232 /* FGWMembersProvider+extractPhone.swift */; };
		D08281332959C7EA00D9C232 /* FGWMembersProvider+extractEMail.swift in Sources */ = {isa = PBXBuildFile; fileRef = D08281322959C7EA00D9C232 /* FGWMembersProvider+extractEMail.swift */; };
		D08281362959CA7000D9C232 /* FGWMembersProvider+extractExternalURL.swift in Sources */ = {isa = PBXBuildFile; fileRef = D08281352959CA7000D9C232 /* FGWMembersProvider+extractExternalURL.swift */; };
		D08281382959CB5000D9C232 /* FGWMembersProvider+extractBirthDate.swift in Sources */ = {isa = PBXBuildFile; fileRef = D08281372959CB5000D9C232 /* FGWMembersProvider+extractBirthDate.swift */; };
		D082BE912957806800FF0812 /* LogoPath.swift in Sources */ = {isa = PBXBuildFile; fileRef = D082BE902957806800FF0812 /* LogoPath.swift */; };
		D08319E7277F70A30049AB84 /* PhotoClubHubApp.swift in Sources */ = {isa = PBXBuildFile; fileRef = D08319E6277F70A30049AB84 /* PhotoClubHubApp.swift */; };
		D08319EB277F70A40049AB84 /* Assets.xcassets in Resources */ = {isa = PBXBuildFile; fileRef = D08319EA277F70A40049AB84 /* Assets.xcassets */; };
		D0831A1E277F72270049AB84 /* PreferencesView.swift in Sources */ = {isa = PBXBuildFile; fileRef = D0831A19277F72270049AB84 /* PreferencesView.swift */; };
		D0831A1F277F72270049AB84 /* FilteredMemberPortfoliosView.swift in Sources */ = {isa = PBXBuildFile; fileRef = D0831A1A277F72270049AB84 /* FilteredMemberPortfoliosView.swift */; };
		D0831A20277F72270049AB84 /* FilteredOrganizationView.swift in Sources */ = {isa = PBXBuildFile; fileRef = D0831A1B277F72270049AB84 /* FilteredOrganizationView.swift */; };
		D0831A21277F72270049AB84 /* FilteredWhoIsWhoView.swift in Sources */ = {isa = PBXBuildFile; fileRef = D0831A1C277F72270049AB84 /* FilteredWhoIsWhoView.swift */; };
		D0831A22277F72270049AB84 /* MemberPortfolioListView.swift in Sources */ = {isa = PBXBuildFile; fileRef = D0831A1D277F72270049AB84 /* MemberPortfolioListView.swift */; };
		D0831A31277F72590049AB84 /* MemberPortfolio.swift in Sources */ = {isa = PBXBuildFile; fileRef = D0831A24277F72590049AB84 /* MemberPortfolio.swift */; };
		D0831A32277F72590049AB84 /* Photographer.swift in Sources */ = {isa = PBXBuildFile; fileRef = D0831A25277F72590049AB84 /* Photographer.swift */; };
		D0831A33277F72590049AB84 /* BellusImagoMembersProvider+insertSomeHardcodedMemberData.swift in Sources */ = {isa = PBXBuildFile; fileRef = D0831A27277F72590049AB84 /* BellusImagoMembersProvider+insertSomeHardcodedMemberData.swift */; };
		D0831A34277F72590049AB84 /* BellusImagoMembersProvider.swift in Sources */ = {isa = PBXBuildFile; fileRef = D0831A28277F72590049AB84 /* BellusImagoMembersProvider.swift */; };
		D0831A35277F72590049AB84 /* PreferencesViewModel.swift in Sources */ = {isa = PBXBuildFile; fileRef = D0831A29277F72590049AB84 /* PreferencesViewModel.swift */; };
		D0831A36277F72590049AB84 /* FotogroepWaalreMembersProvider+insertSomeHardcodedMemberData.swift in Sources */ = {isa = PBXBuildFile; fileRef = D0831A2B277F72590049AB84 /* FotogroepWaalreMembersProvider+insertSomeHardcodedMemberData.swift */; };
		D0831A37277F72590049AB84 /* FotogroepWaalreMembersProvider.swift in Sources */ = {isa = PBXBuildFile; fileRef = D0831A2C277F72590049AB84 /* FotogroepWaalreMembersProvider.swift */; };
		D0831A38277F72590049AB84 /* Organization.swift in Sources */ = {isa = PBXBuildFile; fileRef = D0831A2D277F72590049AB84 /* Organization.swift */; };
		D0831A45277F731C0049AB84 /* String+Capitalize.swift in Sources */ = {isa = PBXBuildFile; fileRef = D0831A41277F731C0049AB84 /* String+Capitalize.swift */; };
		D0831A47277F731C0049AB84 /* PersistenceController.swift in Sources */ = {isa = PBXBuildFile; fileRef = D0831A43277F731C0049AB84 /* PersistenceController.swift */; };
		D0831A51277F73C00049AB84 /* Preview Assets.xcassets in Resources */ = {isa = PBXBuildFile; fileRef = D0831A50277F73C00049AB84 /* Preview Assets.xcassets */; };
		D08416932B2FAEB1000F316D /* fgDeGender.level2.json in Resources */ = {isa = PBXBuildFile; fileRef = D08416922B2FAEB1000F316D /* fgDeGender.level2.json */; };
		D087540A2BC5E9FD00FCBDB3 /* WhoIsWhoTextInfo.swift in Sources */ = {isa = PBXBuildFile; fileRef = D08754092BC5E9FD00FCBDB3 /* WhoIsWhoTextInfo.swift */; };
		D087540C2BC5EE3700FCBDB3 /* WhoIsWhoThumbnails.swift in Sources */ = {isa = PBXBuildFile; fileRef = D087540B2BC5EE3700FCBDB3 /* WhoIsWhoThumbnails.swift */; };
		D08DC6062AE57294008DBD68 /* SinglePortfolioLinkView.swift in Sources */ = {isa = PBXBuildFile; fileRef = D08DC6052AE57294008DBD68 /* SinglePortfolioLinkView.swift */; };
		D0968F662A76F8A00096987A /* FotogroepWaalreMembersProvider+insertOnlineMemberData.swift in Sources */ = {isa = PBXBuildFile; fileRef = D0968F652A76F8A00096987A /* FotogroepWaalreMembersProvider+insertOnlineMemberData.swift */; };
		D0A0B6852AA930E90078DE9A /* Photo_Club_Hub.xcdatamodeld in Sources */ = {isa = PBXBuildFile; fileRef = D0A0B6832AA930E90078DE9A /* Photo_Club_Hub.xcdatamodeld */; };
		D0A30FB82BB0BB33009A9A6E /* root.level1.json in Resources */ = {isa = PBXBuildFile; fileRef = D0A30FB72BB0BB33009A9A6E /* root.level1.json */; };
		D0ADF4AE27922DCA00535432 /* MemberRolesAndStatus.swift in Sources */ = {isa = PBXBuildFile; fileRef = D0ADF4AD27922DCA00535432 /* MemberRolesAndStatus.swift */; };
		D0AE1B7527889E8600E0100E /* OrganizationListView.swift in Sources */ = {isa = PBXBuildFile; fileRef = D0AE1B7427889E8600E0100E /* OrganizationListView.swift */; };
		D0AE1B782788A19500E0100E /* WhoIsWhoListView.swift in Sources */ = {isa = PBXBuildFile; fileRef = D0AE1B772788A19500E0100E /* WhoIsWhoListView.swift */; };
		D0B260B72958FC2D00B73E1A /* FGWMembersProvider+extractName.swift in Sources */ = {isa = PBXBuildFile; fileRef = D0B260B62958FC2D00B73E1A /* FGWMembersProvider+extractName.swift */; };
		D0B52497277F9A4B00927BCA /* Localizable.strings in Resources */ = {isa = PBXBuildFile; fileRef = D0B52495277F9A4B00927BCA /* Localizable.strings */; };
		D0BAB01D2A76CED300387E63 /* URLSession+synchronous.swift in Sources */ = {isa = PBXBuildFile; fileRef = D0BAB01C2A76CED300387E63 /* URLSession+synchronous.swift */; };
		D0C53BDD2ABF3ADF000722A1 /* PersonName.swift in Sources */ = {isa = PBXBuildFile; fileRef = D0C53BDC2ABF3ADF000722A1 /* PersonName.swift */; };
		D0C6E95529577921001E5CE9 /* DebugPanel.swift in Sources */ = {isa = PBXBuildFile; fileRef = D0C6E95429577921001E5CE9 /* DebugPanel.swift */; };
		D0C8E3A22BB81B4A00348D97 /* ItemFilterStatsView.swift in Sources */ = {isa = PBXBuildFile; fileRef = D0C8E3A12BB81B4A00348D97 /* ItemFilterStatsView.swift */; };
		D0D18C78296E1F6A00B334DB /* OrganizationIdPlus.swift in Sources */ = {isa = PBXBuildFile; fileRef = D0D18C77296E1F6A00B334DB /* OrganizationIdPlus.swift */; };
		D0DE02772789D1B30062738C /* RoleIconView.swift in Sources */ = {isa = PBXBuildFile; fileRef = D0DE02762789D1B30062738C /* RoleIconView.swift */; };
		D0E02F9B2B80191300D67CDA /* Readme_NL_2_5_7.pages in Resources */ = {isa = PBXBuildFile; fileRef = D0E02F972B80191300D67CDA /* Readme_NL_2_5_7.pages */; };
		D0E2235427DE9139002A8600 /* PreludeView.swift in Sources */ = {isa = PBXBuildFile; fileRef = D0E2235327DE9139002A8600 /* PreludeView.swift */; };
		D0E2D6062B9B9577008D1F7A /* test1Club.level1.json in Resources */ = {isa = PBXBuildFile; fileRef = D0E2D6032B9B9568008D1F7A /* test1Club.level1.json */; };
		D0E694C927EF9B450054D634 /* LockAnimationView.swift in Sources */ = {isa = PBXBuildFile; fileRef = D0E694C827EF9B450054D634 /* LockAnimationView.swift */; };
		D0EAEB332B3CA6D300EC05B6 /* RootLevel1JsonReader.swift in Sources */ = {isa = PBXBuildFile; fileRef = D0EAEB322B3CA6D300EC05B6 /* RootLevel1JsonReader.swift */; };
		D0EB533C295775240061613B /* Crosshairs.swift in Sources */ = {isa = PBXBuildFile; fileRef = D0EB533B295775240061613B /* Crosshairs.swift */; };
		D0FC30C92BA78F2E0051AFB6 /* OrganizationList.json in Resources */ = {isa = PBXBuildFile; fileRef = D04B1A0B2B1AA06300EB3817 /* OrganizationList.json */; };
		D0FE77E52BB9AEE900272077 /* ItemFilterStatsEnum.swift in Sources */ = {isa = PBXBuildFile; fileRef = D0FE77E42BB9AEE900272077 /* ItemFilterStatsEnum.swift */; };
/* End PBXBuildFile section */

/* Begin PBXFileReference section */
		D006BA7D2B115FB1002E555B /* LocationManager.swift */ = {isa = PBXFileReference; lastKnownFileType = sourcecode.swift; path = LocationManager.swift; sourceTree = "<group>"; };
		D008665C2BBDC29C0091F204 /* dataModel.png */ = {isa = PBXFileReference; lastKnownFileType = image.png; path = dataModel.png; sourceTree = "<group>"; };
		D008D2A928739167007A7BE2 /* .gitignore */ = {isa = PBXFileReference; fileEncoding = 4; lastKnownFileType = text; path = .gitignore; sourceTree = "<group>"; };
		D01526BC278B91BA004DBD19 /* PhotoClubHub.entitlements */ = {isa = PBXFileReference; lastKnownFileType = text.plist.entitlements; path = PhotoClubHub.entitlements; sourceTree = "<group>"; };
		D01793FD2B6404ED00095E8C /* SwiftyJSON.swift */ = {isa = PBXFileReference; fileEncoding = 4; lastKnownFileType = sourcecode.swift; path = SwiftyJSON.swift; sourceTree = "<group>"; };
		D01D2B6127D3BBDC00E2FE41 /* View+Navigate.swift */ = {isa = PBXFileReference; lastKnownFileType = sourcecode.swift; path = "View+Navigate.swift"; sourceTree = "<group>"; };
		D01DDD962AF5A11F00F98906 /* Photo_Club_Hub_2_5_1.xcdatamodel */ = {isa = PBXFileReference; lastKnownFileType = wrapper.xcdatamodel; path = Photo_Club_Hub_2_5_1.xcdatamodel; sourceTree = "<group>"; };
		D01DFAA627E778BD007BABFA /* offsets.md */ = {isa = PBXFileReference; lastKnownFileType = net.daringfireball.markdown; path = offsets.md; sourceTree = "<group>"; };
		D024F11528423BE60055021B /* Sounds.swift */ = {isa = PBXFileReference; lastKnownFileType = sourcecode.swift; path = Sounds.swift; sourceTree = "<group>"; };
		D0275F5427E3E21F002FA4FE /* View+OnTapGesture.swift */ = {isa = PBXFileReference; lastKnownFileType = sourcecode.swift; path = "View+OnTapGesture.swift"; sourceTree = "<group>"; };
		D02AB3EF28A702800021BF41 /* LICENSE.md */ = {isa = PBXFileReference; lastKnownFileType = net.daringfireball.markdown; path = LICENSE.md; sourceTree = "<group>"; };
		D02C273B2AEE6F870005F957 /* AndersMembersProvider.swift */ = {isa = PBXFileReference; lastKnownFileType = sourcecode.swift; path = AndersMembersProvider.swift; sourceTree = "<group>"; };
		D02C273D2AEE6FCD0005F957 /* AndersMembersProvider+InsertSomeHardcodedMemberData.swift */ = {isa = PBXFileReference; lastKnownFileType = sourcecode.swift; path = "AndersMembersProvider+InsertSomeHardcodedMemberData.swift"; sourceTree = "<group>"; };
		D02C35F12880C3D6008C671A /* README.md */ = {isa = PBXFileReference; fileEncoding = 4; lastKnownFileType = net.daringfireball.markdown; path = README.md; sourceTree = "<group>"; };
		D030CD642B3AE2E800A12E90 /* OrganizationType.swift */ = {isa = PBXFileReference; lastKnownFileType = sourcecode.swift; path = OrganizationType.swift; sourceTree = "<group>"; };
		D032516A2BBB6CB6005E9B32 /* whosWhoScreen.png */ = {isa = PBXFileReference; lastKnownFileType = image.png; path = whosWhoScreen.png; sourceTree = "<group>"; };
		D0329449283F9D1D0044C70C /* Bundle+VersionBuild.swift */ = {isa = PBXFileReference; lastKnownFileType = sourcecode.swift; path = "Bundle+VersionBuild.swift"; sourceTree = "<group>"; };
		D0362A862AC3A21200F87378 /* String+containsWordUsingNLP.swift */ = {isa = PBXFileReference; lastKnownFileType = sourcecode.swift; path = "String+containsWordUsingNLP.swift"; sourceTree = "<group>"; };
		D036591D2BADAD340014F266 /* app_screenshots_EN.jpg */ = {isa = PBXFileReference; lastKnownFileType = image.jpeg; path = app_screenshots_EN.jpg; sourceTree = "<group>"; };
		D036591F2BADBAE10014F266 /* Photo_Club_Hub_2_5_6.xcdatamodel */ = {isa = PBXFileReference; lastKnownFileType = wrapper.xcdatamodel; path = Photo_Club_Hub_2_5_6.xcdatamodel; sourceTree = "<group>"; };
		D040566C29A0287200CB64B8 /* MemberPortfolioRow.swift */ = {isa = PBXFileReference; lastKnownFileType = sourcecode.swift; path = MemberPortfolioRow.swift; sourceTree = "<group>"; };
		D041627F295BB9DF00ED073A /* NSPredicate+all.swift */ = {isa = PBXFileReference; lastKnownFileType = sourcecode.swift; path = "NSPredicate+all.swift"; sourceTree = "<group>"; };
		D0416281295BBA7700ED073A /* CoreLocation+Equatable.swift */ = {isa = PBXFileReference; lastKnownFileType = sourcecode.swift; path = "CoreLocation+Equatable.swift"; sourceTree = "<group>"; };
		D044646427FCE7C100990613 /* UIDevice+IsIPad.swift */ = {isa = PBXFileReference; lastKnownFileType = sourcecode.swift; path = "UIDevice+IsIPad.swift"; sourceTree = "<group>"; };
		D0447C862BA510AF00982A1E /* Language.swift */ = {isa = PBXFileReference; fileEncoding = 4; lastKnownFileType = sourcecode.swift; path = Language.swift; sourceTree = "<group>"; };
		D0447C872BA510AF00982A1E /* LocalizedRemark.swift */ = {isa = PBXFileReference; fileEncoding = 4; lastKnownFileType = sourcecode.swift; path = LocalizedRemark.swift; sourceTree = "<group>"; };
		D04A2B112AC0958C003ED113 /* LineCount.xlsx */ = {isa = PBXFileReference; lastKnownFileType = file; path = LineCount.xlsx; sourceTree = "<group>"; };
		D04B1A0B2B1AA06300EB3817 /* OrganizationList.json */ = {isa = PBXFileReference; lastKnownFileType = text.json; path = OrganizationList.json; sourceTree = "<group>"; };
		D04DFD8A2B39FD19006EF297 /* nl */ = {isa = PBXFileReference; lastKnownFileType = text.plist.strings; name = nl; path = "nl.lproj/Photo-Club-Hub-InfoPlist.strings"; sourceTree = "<group>"; };
		D053F23C2B54430C00662EF8 /* nl */ = {isa = PBXFileReference; lastKnownFileType = text.plist.strings; name = nl; path = "nl.lproj/Photo-Club-Hub-InfoPlist.strings"; sourceTree = "<group>"; };
		D05414F62AC7499000D899D8 /* FotogroepDeGenderMembersProvider.swift */ = {isa = PBXFileReference; lastKnownFileType = sourcecode.swift; path = FotogroepDeGenderMembersProvider.swift; sourceTree = "<group>"; };
		D05414F82AC749EC00D899D8 /* FotogroepDeGenderMembersProvider+insertSomeHardcodedMemberDataCommon.swift */ = {isa = PBXFileReference; lastKnownFileType = sourcecode.swift; path = "FotogroepDeGenderMembersProvider+insertSomeHardcodedMemberDataCommon.swift"; sourceTree = "<group>"; };
		D05E451D27EF2A2C00D31327 /* ReadmeView.swift */ = {isa = PBXFileReference; lastKnownFileType = sourcecode.swift; path = ReadmeView.swift; sourceTree = "<group>"; };
		D06061E728A0453F00A675A7 /* FGWPrivateMembersURL2.txt */ = {isa = PBXFileReference; lastKnownFileType = text; path = FGWPrivateMembersURL2.txt; sourceTree = "<group>"; };
		D06061E928A0456C00A675A7 /* FGWPrivateMembersURL3.txt */ = {isa = PBXFileReference; lastKnownFileType = text; path = FGWPrivateMembersURL3.txt; sourceTree = "<group>"; };
		D06061EC28A05D4600A675A7 /* String+Paths.swift */ = {isa = PBXFileReference; fileEncoding = 4; lastKnownFileType = sourcecode.swift; path = "String+Paths.swift"; sourceTree = "<group>"; };
		D0621E802AE2D7DE000FFADB /* MemberPortfolio+roles.swift */ = {isa = PBXFileReference; lastKnownFileType = sourcecode.swift; path = "MemberPortfolio+roles.swift"; sourceTree = "<group>"; };
		D0621E842AE2E085000FFADB /* MemberPortfolio+updating.swift */ = {isa = PBXFileReference; lastKnownFileType = sourcecode.swift; path = "MemberPortfolio+updating.swift"; sourceTree = "<group>"; };
		D0621E882AE2E47B000FFADB /* MemberPortfolio+refreshFirstImage.swift */ = {isa = PBXFileReference; lastKnownFileType = sourcecode.swift; path = "MemberPortfolio+refreshFirstImage.swift"; sourceTree = "<group>"; };
		D06588E32BAE2F24000FD7F3 /* portfoliosScreen.png */ = {isa = PBXFileReference; lastKnownFileType = image.png; path = portfoliosScreen.png; sourceTree = "<group>"; };
		D06588E42BAE31A0000FD7F3 /* clubsMuseumsScreen.png */ = {isa = PBXFileReference; lastKnownFileType = image.png; path = clubsMuseumsScreen.png; sourceTree = "<group>"; };
		D06588E52BAE31AE000FD7F3 /* imagesScreen.png */ = {isa = PBXFileReference; lastKnownFileType = image.png; path = imagesScreen.png; sourceTree = "<group>"; };
		D06588E62BAE3E41000FD7F3 /* preferencesScreen.png */ = {isa = PBXFileReference; lastKnownFileType = image.png; path = preferencesScreen.png; sourceTree = "<group>"; };
		D06588E72BAE3E49000FD7F3 /* readmeScreen.png */ = {isa = PBXFileReference; lastKnownFileType = image.png; path = readmeScreen.png; sourceTree = "<group>"; };
		D06588EA2BAE5071000FD7F3 /* preludeScreen.png */ = {isa = PBXFileReference; lastKnownFileType = image.png; path = preludeScreen.png; sourceTree = "<group>"; };
		D067549F2942B23F00C0AB08 /* FotogroepWaalreMembersProvide+enumHTMLPageLoadingState.swift */ = {isa = PBXFileReference; lastKnownFileType = sourcecode.swift; path = "FotogroepWaalreMembersProvide+enumHTMLPageLoadingState.swift"; sourceTree = "<group>"; };
		D06BE9322A4F870B0055B3B1 /* ifDebugUtils.swift */ = {isa = PBXFileReference; fileEncoding = 4; lastKnownFileType = sourcecode.swift; path = ifDebugUtils.swift; sourceTree = "<group>"; };
		D06E91E72B939C1B00D05BC0 /* Photo_Club_Hub_2_5_4.xcdatamodel */ = {isa = PBXFileReference; lastKnownFileType = wrapper.xcdatamodel; path = Photo_Club_Hub_2_5_4.xcdatamodel; sourceTree = "<group>"; };
		D0795CEB294FCCC200FA62A8 /* ShapeStyle+Colors.swift */ = {isa = PBXFileReference; fileEncoding = 4; lastKnownFileType = sourcecode.swift; path = "ShapeStyle+Colors.swift"; sourceTree = "<group>"; };
		D07A1E2E28314EA600C77F66 /* SwiftUIEnvironmentValues.png */ = {isa = PBXFileReference; lastKnownFileType = image.png; path = SwiftUIEnvironmentValues.png; sourceTree = "<group>"; };
		D081655E278616930078AB16 /* SinglePortfolioView.swift */ = {isa = PBXFileReference; fileEncoding = 4; lastKnownFileType = sourcecode.swift; path = SinglePortfolioView.swift; sourceTree = "<group>"; };
		D08281302959C6F400D9C232 /* FGWMembersProvider+extractPhone.swift */ = {isa = PBXFileReference; lastKnownFileType = sourcecode.swift; path = "FGWMembersProvider+extractPhone.swift"; sourceTree = "<group>"; };
		D08281322959C7EA00D9C232 /* FGWMembersProvider+extractEMail.swift */ = {isa = PBXFileReference; lastKnownFileType = sourcecode.swift; path = "FGWMembersProvider+extractEMail.swift"; sourceTree = "<group>"; };
		D08281352959CA7000D9C232 /* FGWMembersProvider+extractExternalURL.swift */ = {isa = PBXFileReference; lastKnownFileType = sourcecode.swift; path = "FGWMembersProvider+extractExternalURL.swift"; sourceTree = "<group>"; };
		D08281372959CB5000D9C232 /* FGWMembersProvider+extractBirthDate.swift */ = {isa = PBXFileReference; lastKnownFileType = sourcecode.swift; path = "FGWMembersProvider+extractBirthDate.swift"; sourceTree = "<group>"; };
		D082BE902957806800FF0812 /* LogoPath.swift */ = {isa = PBXFileReference; lastKnownFileType = sourcecode.swift; path = LogoPath.swift; sourceTree = "<group>"; };
		D08319E3277F70A30049AB84 /* Photo Club Hub.app */ = {isa = PBXFileReference; explicitFileType = wrapper.application; includeInIndex = 0; path = "Photo Club Hub.app"; sourceTree = BUILT_PRODUCTS_DIR; };
		D08319E6277F70A30049AB84 /* PhotoClubHubApp.swift */ = {isa = PBXFileReference; lastKnownFileType = sourcecode.swift; path = PhotoClubHubApp.swift; sourceTree = "<group>"; };
		D08319EA277F70A40049AB84 /* Assets.xcassets */ = {isa = PBXFileReference; lastKnownFileType = folder.assetcatalog; path = Assets.xcassets; sourceTree = "<group>"; };
		D0831A17277F71340049AB84 /* Photo-Club-Hub-Info.plist */ = {isa = PBXFileReference; lastKnownFileType = text.plist.xml; path = "Photo-Club-Hub-Info.plist"; sourceTree = SOURCE_ROOT; };
		D0831A19277F72270049AB84 /* PreferencesView.swift */ = {isa = PBXFileReference; fileEncoding = 4; lastKnownFileType = sourcecode.swift; path = PreferencesView.swift; sourceTree = "<group>"; };
		D0831A1A277F72270049AB84 /* FilteredMemberPortfoliosView.swift */ = {isa = PBXFileReference; fileEncoding = 4; lastKnownFileType = sourcecode.swift; path = FilteredMemberPortfoliosView.swift; sourceTree = "<group>"; };
		D0831A1B277F72270049AB84 /* FilteredOrganizationView.swift */ = {isa = PBXFileReference; fileEncoding = 4; lastKnownFileType = sourcecode.swift; path = FilteredOrganizationView.swift; sourceTree = "<group>"; };
		D0831A1C277F72270049AB84 /* FilteredWhoIsWhoView.swift */ = {isa = PBXFileReference; fileEncoding = 4; lastKnownFileType = sourcecode.swift; path = FilteredWhoIsWhoView.swift; sourceTree = "<group>"; };
		D0831A1D277F72270049AB84 /* MemberPortfolioListView.swift */ = {isa = PBXFileReference; fileEncoding = 4; lastKnownFileType = sourcecode.swift; path = MemberPortfolioListView.swift; sourceTree = "<group>"; };
		D0831A24277F72590049AB84 /* MemberPortfolio.swift */ = {isa = PBXFileReference; fileEncoding = 4; lastKnownFileType = sourcecode.swift; path = MemberPortfolio.swift; sourceTree = "<group>"; };
		D0831A25277F72590049AB84 /* Photographer.swift */ = {isa = PBXFileReference; fileEncoding = 4; lastKnownFileType = sourcecode.swift; path = Photographer.swift; sourceTree = "<group>"; };
		D0831A27277F72590049AB84 /* BellusImagoMembersProvider+insertSomeHardcodedMemberData.swift */ = {isa = PBXFileReference; fileEncoding = 4; lastKnownFileType = sourcecode.swift; path = "BellusImagoMembersProvider+insertSomeHardcodedMemberData.swift"; sourceTree = "<group>"; };
		D0831A28277F72590049AB84 /* BellusImagoMembersProvider.swift */ = {isa = PBXFileReference; fileEncoding = 4; lastKnownFileType = sourcecode.swift; path = BellusImagoMembersProvider.swift; sourceTree = "<group>"; };
		D0831A29277F72590049AB84 /* PreferencesViewModel.swift */ = {isa = PBXFileReference; fileEncoding = 4; lastKnownFileType = sourcecode.swift; path = PreferencesViewModel.swift; sourceTree = "<group>"; };
		D0831A2B277F72590049AB84 /* FotogroepWaalreMembersProvider+insertSomeHardcodedMemberData.swift */ = {isa = PBXFileReference; fileEncoding = 4; lastKnownFileType = sourcecode.swift; path = "FotogroepWaalreMembersProvider+insertSomeHardcodedMemberData.swift"; sourceTree = "<group>"; };
		D0831A2C277F72590049AB84 /* FotogroepWaalreMembersProvider.swift */ = {isa = PBXFileReference; fileEncoding = 4; lastKnownFileType = sourcecode.swift; path = FotogroepWaalreMembersProvider.swift; sourceTree = "<group>"; };
		D0831A2D277F72590049AB84 /* Organization.swift */ = {isa = PBXFileReference; fileEncoding = 4; lastKnownFileType = sourcecode.swift; path = Organization.swift; sourceTree = "<group>"; };
		D0831A40277F731C0049AB84 /* Published+UserDefaults.swift */ = {isa = PBXFileReference; fileEncoding = 4; lastKnownFileType = sourcecode.swift; path = "Published+UserDefaults.swift"; sourceTree = "<group>"; };
		D0831A41277F731C0049AB84 /* String+Capitalize.swift */ = {isa = PBXFileReference; fileEncoding = 4; lastKnownFileType = sourcecode.swift; path = "String+Capitalize.swift"; sourceTree = "<group>"; };
		D0831A43277F731C0049AB84 /* PersistenceController.swift */ = {isa = PBXFileReference; fileEncoding = 4; lastKnownFileType = sourcecode.swift; path = PersistenceController.swift; sourceTree = "<group>"; };
		D0831A4B277F736C0049AB84 /* ReleaseNotes.md */ = {isa = PBXFileReference; fileEncoding = 4; lastKnownFileType = net.daringfireball.markdown; path = ReleaseNotes.md; sourceTree = "<group>"; };
		D0831A50277F73C00049AB84 /* Preview Assets.xcassets */ = {isa = PBXFileReference; lastKnownFileType = folder.assetcatalog; path = "Preview Assets.xcassets"; sourceTree = "<group>"; };
		D08416912B2FA3C2000F316D /* fgAnders.level2.json */ = {isa = PBXFileReference; explicitFileType = text.json; path = fgAnders.level2.json; sourceTree = "<group>"; };
		D08416922B2FAEB1000F316D /* fgDeGender.level2.json */ = {isa = PBXFileReference; fileEncoding = 4; lastKnownFileType = text.json; path = fgDeGender.level2.json; sourceTree = "<group>"; };
		D08754092BC5E9FD00FCBDB3 /* WhoIsWhoTextInfo.swift */ = {isa = PBXFileReference; lastKnownFileType = sourcecode.swift; path = WhoIsWhoTextInfo.swift; sourceTree = "<group>"; };
		D087540B2BC5EE3700FCBDB3 /* WhoIsWhoThumbnails.swift */ = {isa = PBXFileReference; lastKnownFileType = sourcecode.swift; path = WhoIsWhoThumbnails.swift; sourceTree = "<group>"; };
		D08DC6052AE57294008DBD68 /* SinglePortfolioLinkView.swift */ = {isa = PBXFileReference; lastKnownFileType = sourcecode.swift; path = SinglePortfolioLinkView.swift; sourceTree = "<group>"; };
		D0968F652A76F8A00096987A /* FotogroepWaalreMembersProvider+insertOnlineMemberData.swift */ = {isa = PBXFileReference; lastKnownFileType = sourcecode.swift; path = "FotogroepWaalreMembersProvider+insertOnlineMemberData.swift"; sourceTree = "<group>"; };
		D09C90642BA8F171005FA3D6 /* Photo_Club_Hub_2_5_5a.xcdatamodel */ = {isa = PBXFileReference; lastKnownFileType = wrapper.xcdatamodel; path = Photo_Club_Hub_2_5_5a.xcdatamodel; sourceTree = "<group>"; };
		D0A0B6842AA930E90078DE9A /* Photo_Club_Hub.xcdatamodel */ = {isa = PBXFileReference; lastKnownFileType = wrapper.xcdatamodel; path = Photo_Club_Hub.xcdatamodel; sourceTree = "<group>"; };
		D0A0B6872AA932A10078DE9A /* Photo_Club_Hub_2_4_1.xcdatamodel */ = {isa = PBXFileReference; lastKnownFileType = wrapper.xcdatamodel; path = Photo_Club_Hub_2_4_1.xcdatamodel; sourceTree = "<group>"; };
		D0A30FB72BB0BB33009A9A6E /* root.level1.json */ = {isa = PBXFileReference; fileEncoding = 4; lastKnownFileType = text.json; path = root.level1.json; sourceTree = "<group>"; };
		D0A5B7EE2B45F67E001FAD59 /* test2Club2Museum.level1.json */ = {isa = PBXFileReference; fileEncoding = 4; lastKnownFileType = text.json; path = test2Club2Museum.level1.json; sourceTree = "<group>"; };
		D0ADF4AD27922DCA00535432 /* MemberRolesAndStatus.swift */ = {isa = PBXFileReference; lastKnownFileType = sourcecode.swift; path = MemberRolesAndStatus.swift; sourceTree = "<group>"; };
		D0AE1B7427889E8600E0100E /* OrganizationListView.swift */ = {isa = PBXFileReference; lastKnownFileType = sourcecode.swift; path = OrganizationListView.swift; sourceTree = "<group>"; };
		D0AE1B772788A19500E0100E /* WhoIsWhoListView.swift */ = {isa = PBXFileReference; lastKnownFileType = sourcecode.swift; path = WhoIsWhoListView.swift; sourceTree = "<group>"; };
		D0AEDF3C2BBE0CD1003FD250 /* Photo_Club_Hub_2_5_7.xcdatamodel */ = {isa = PBXFileReference; lastKnownFileType = wrapper.xcdatamodel; path = Photo_Club_Hub_2_5_7.xcdatamodel; sourceTree = "<group>"; };
		D0B260B62958FC2D00B73E1A /* FGWMembersProvider+extractName.swift */ = {isa = PBXFileReference; lastKnownFileType = sourcecode.swift; path = "FGWMembersProvider+extractName.swift"; sourceTree = "<group>"; };
		D0B52496277F9A4B00927BCA /* nl */ = {isa = PBXFileReference; lastKnownFileType = text.plist.strings; name = nl; path = nl.lproj/Localizable.strings; sourceTree = "<group>"; };
		D0BAB01C2A76CED300387E63 /* URLSession+synchronous.swift */ = {isa = PBXFileReference; lastKnownFileType = sourcecode.swift; path = "URLSession+synchronous.swift"; sourceTree = "<group>"; };
		D0C53BDC2ABF3ADF000722A1 /* PersonName.swift */ = {isa = PBXFileReference; lastKnownFileType = sourcecode.swift; path = PersonName.swift; sourceTree = "<group>"; };
		D0C6E95429577921001E5CE9 /* DebugPanel.swift */ = {isa = PBXFileReference; lastKnownFileType = sourcecode.swift; path = DebugPanel.swift; sourceTree = "<group>"; };
		D0C8E3A12BB81B4A00348D97 /* ItemFilterStatsView.swift */ = {isa = PBXFileReference; lastKnownFileType = sourcecode.swift; path = ItemFilterStatsView.swift; sourceTree = "<group>"; };
		D0CB581228149D18005D496F /* en */ = {isa = PBXFileReference; lastKnownFileType = text.plist.strings; name = en; path = en.lproj/Localizable.strings; sourceTree = "<group>"; };
		D0CEAECE2B2E1134005AE47D /* Settings.bundle */ = {isa = PBXFileReference; lastKnownFileType = "wrapper.plug-in"; path = Settings.bundle; sourceTree = "<group>"; };
		D0CEAED32B2E5847005AE47D /* Photo_Club_Hub_2_5_3.xcdatamodel */ = {isa = PBXFileReference; lastKnownFileType = wrapper.xcdatamodel; path = Photo_Club_Hub_2_5_3.xcdatamodel; sourceTree = "<group>"; };
		D0D18C77296E1F6A00B334DB /* OrganizationIdPlus.swift */ = {isa = PBXFileReference; lastKnownFileType = sourcecode.swift; path = OrganizationIdPlus.swift; sourceTree = "<group>"; };
		D0D4860D2B0EC18A00ED0542 /* Photo_Club_Hub_2_5_2.xcdatamodel */ = {isa = PBXFileReference; lastKnownFileType = wrapper.xcdatamodel; path = Photo_Club_Hub_2_5_2.xcdatamodel; sourceTree = "<group>"; };
		D0DE02762789D1B30062738C /* RoleIconView.swift */ = {isa = PBXFileReference; lastKnownFileType = sourcecode.swift; path = RoleIconView.swift; sourceTree = "<group>"; };
		D0DF0F442B2CFA3800E9FEC8 /* Photo Club Hub Localizations */ = {isa = PBXFileReference; lastKnownFileType = folder; path = "Photo Club Hub Localizations"; sourceTree = "<group>"; };
		D0E02F942B7FA33200D67CDA /* Readme_EN_2_5_7.pages */ = {isa = PBXFileReference; lastKnownFileType = file; path = Readme_EN_2_5_7.pages; sourceTree = "<group>"; };
		D0E02F972B80191300D67CDA /* Readme_NL_2_5_7.pages */ = {isa = PBXFileReference; lastKnownFileType = file; path = Readme_NL_2_5_7.pages; sourceTree = "<group>"; };
		D0E2235327DE9139002A8600 /* PreludeView.swift */ = {isa = PBXFileReference; fileEncoding = 4; lastKnownFileType = sourcecode.swift; path = PreludeView.swift; sourceTree = "<group>"; };
		D0E2D6032B9B9568008D1F7A /* test1Club.level1.json */ = {isa = PBXFileReference; fileEncoding = 4; lastKnownFileType = text.json; path = test1Club.level1.json; sourceTree = "<group>"; };
		D0E673BA2AE1C1A100A4DC95 /* Photo_Club_Hub_2_5_0.xcdatamodel */ = {isa = PBXFileReference; lastKnownFileType = wrapper.xcdatamodel; path = Photo_Club_Hub_2_5_0.xcdatamodel; sourceTree = "<group>"; };
		D0E694C827EF9B450054D634 /* LockAnimationView.swift */ = {isa = PBXFileReference; fileEncoding = 4; lastKnownFileType = sourcecode.swift; path = LockAnimationView.swift; sourceTree = "<group>"; };
		D0EAEB322B3CA6D300EC05B6 /* RootLevel1JsonReader.swift */ = {isa = PBXFileReference; fileEncoding = 4; lastKnownFileType = sourcecode.swift; path = RootLevel1JsonReader.swift; sourceTree = "<group>"; };
		D0EB533B295775240061613B /* Crosshairs.swift */ = {isa = PBXFileReference; lastKnownFileType = sourcecode.swift; path = Crosshairs.swift; sourceTree = "<group>"; };
		D0F999502AACE217005FA0FF /* Photo_Club_Hub_2_4_2.xcdatamodel */ = {isa = PBXFileReference; lastKnownFileType = wrapper.xcdatamodel; path = Photo_Club_Hub_2_4_2.xcdatamodel; sourceTree = "<group>"; };
		D0FCF2E229B5517000F31442 /* VoteOnRoadmapView.swift */ = {isa = PBXFileReference; lastKnownFileType = sourcecode.swift; path = VoteOnRoadmapView.swift; sourceTree = "<group>"; };
		D0FCF2E529B558FE00F31442 /* Roadmap.json */ = {isa = PBXFileReference; lastKnownFileType = text.json; path = Roadmap.json; sourceTree = "<group>"; };
		D0FE77E42BB9AEE900272077 /* ItemFilterStatsEnum.swift */ = {isa = PBXFileReference; lastKnownFileType = sourcecode.swift; path = ItemFilterStatsEnum.swift; sourceTree = "<group>"; };
/* End PBXFileReference section */

/* Begin PBXFrameworksBuildPhase section */
		D08319E0277F70A30049AB84 /* Frameworks */ = {
			isa = PBXFrameworksBuildPhase;
			buildActionMask = 2147483647;
			files = (
			);
			runOnlyForDeploymentPostprocessing = 0;
		};
/* End PBXFrameworksBuildPhase section */

/* Begin PBXGroup section */
		D02C273A2AEE6EF50005F957 /* FotogroepAnders */ = {
			isa = PBXGroup;
			children = (
				D02C273B2AEE6F870005F957 /* AndersMembersProvider.swift */,
				D02C273D2AEE6FCD0005F957 /* AndersMembersProvider+InsertSomeHardcodedMemberData.swift */,
			);
			path = FotogroepAnders;
			sourceTree = "<group>";
		};
		D05414F52AC7496000D899D8 /* FotogroepDeGender */ = {
			isa = PBXGroup;
			children = (
				D05414F62AC7499000D899D8 /* FotogroepDeGenderMembersProvider.swift */,
				D05414F82AC749EC00D899D8 /* FotogroepDeGenderMembersProvider+insertSomeHardcodedMemberDataCommon.swift */,
			);
			path = FotogroepDeGender;
			sourceTree = "<group>";
		};
		D05E451B27EF286B00D31327 /* SettingsView */ = {
			isa = PBXGroup;
			children = (
				D0831A19277F72270049AB84 /* PreferencesView.swift */,
				D0DE02762789D1B30062738C /* RoleIconView.swift */,
			);
			path = SettingsView;
			sourceTree = "<group>";
		};
		D05E451C27EF297100D31327 /* ReadmeView */ = {
			isa = PBXGroup;
			children = (
				D05E451D27EF2A2C00D31327 /* ReadmeView.swift */,
			);
			path = ReadmeView;
			sourceTree = "<group>";
		};
		D0621E822AE2DF1B000FFADB /* MemberPortfolio */ = {
			isa = PBXGroup;
			children = (
				D0831A24277F72590049AB84 /* MemberPortfolio.swift */,
				D0621E802AE2D7DE000FFADB /* MemberPortfolio+roles.swift */,
				D0621E842AE2E085000FFADB /* MemberPortfolio+updating.swift */,
				D0621E882AE2E47B000FFADB /* MemberPortfolio+refreshFirstImage.swift */,
			);
			path = MemberPortfolio;
			sourceTree = "<group>";
		};
		D0621E832AE2DF8E000FFADB /* IndividualClubs */ = {
			isa = PBXGroup;
			children = (
				D02C273A2AEE6EF50005F957 /* FotogroepAnders */,
				D0831A2A277F72590049AB84 /* FotogroepWaalre */,
				D0831A26277F72590049AB84 /* BellusImago */,
				D05414F52AC7496000D899D8 /* FotogroepDeGender */,
			);
			path = IndividualClubs;
			sourceTree = "<group>";
		};
		D0795CE9294FCAC000FA62A8 /* String extensions */ = {
			isa = PBXGroup;
			children = (
				D0831A41277F731C0049AB84 /* String+Capitalize.swift */,
				D06061EC28A05D4600A675A7 /* String+Paths.swift */,
				D0362A862AC3A21200F87378 /* String+containsWordUsingNLP.swift */,
			);
			path = "String extensions";
			sourceTree = "<group>";
		};
		D0795CEA294FCB1D00FA62A8 /* View extensions */ = {
			isa = PBXGroup;
			children = (
				D01D2B6127D3BBDC00E2FE41 /* View+Navigate.swift */,
				D0275F5427E3E21F002FA4FE /* View+OnTapGesture.swift */,
			);
			path = "View extensions";
			sourceTree = "<group>";
		};
		D081655C278612470078AB16 /* MemberPortfoliosView */ = {
			isa = PBXGroup;
			children = (
				D0831A1D277F72270049AB84 /* MemberPortfolioListView.swift */,
				D0831A1A277F72270049AB84 /* FilteredMemberPortfoliosView.swift */,
				D040566C29A0287200CB64B8 /* MemberPortfolioRow.swift */,
			);
			path = MemberPortfoliosView;
			sourceTree = "<group>";
		};
		D081655D278616710078AB16 /* SinglePortFolioView */ = {
			isa = PBXGroup;
			children = (
				D081655E278616930078AB16 /* SinglePortfolioView.swift */,
			);
			path = SinglePortFolioView;
			sourceTree = "<group>";
		};
		D08281342959C9D800D9C232 /* FotogroepWaalre Extractors */ = {
			isa = PBXGroup;
			children = (
				D08281322959C7EA00D9C232 /* FGWMembersProvider+extractEMail.swift */,
				D08281302959C6F400D9C232 /* FGWMembersProvider+extractPhone.swift */,
				D0B260B62958FC2D00B73E1A /* FGWMembersProvider+extractName.swift */,
				D08281352959CA7000D9C232 /* FGWMembersProvider+extractExternalURL.swift */,
				D08281372959CB5000D9C232 /* FGWMembersProvider+extractBirthDate.swift */,
			);
			path = "FotogroepWaalre Extractors";
			sourceTree = "<group>";
		};
		D08319DA277F70A30049AB84 = {
			isa = PBXGroup;
			children = (
				D08319E5277F70A30049AB84 /* Photo Club Hub */,
				D0831A17277F71340049AB84 /* Photo-Club-Hub-Info.plist */,
				D053F23B2B54430C00662EF8 /* Photo-Club-Hub-InfoPlist.strings */,
				D0831A3F277F731C0049AB84 /* Extensions */,
				D0DC7A4D2B647CAA00971288 /* SwiftyJSON */,
				D0CEAECD2B2E1120005AE47D /* Localization */,
				D08319EA277F70A40049AB84 /* Assets.xcassets */,
				D008D2A928739167007A7BE2 /* .gitignore */,
				D0F2F2F22873A19F009DDD2A /* .github */,
				D08319E4277F70A30049AB84 /* Products */,
			);
			sourceTree = "<group>";
		};
		D08319E4277F70A30049AB84 /* Products */ = {
			isa = PBXGroup;
			children = (
				D08319E3277F70A30049AB84 /* Photo Club Hub.app */,
			);
			name = Products;
			sourceTree = "<group>";
		};
		D08319E5277F70A30049AB84 /* Photo Club Hub */ = {
			isa = PBXGroup;
			children = (
				D08319E6277F70A30049AB84 /* PhotoClubHubApp.swift */,
				D01526BC278B91BA004DBD19 /* PhotoClubHub.entitlements */,
				D0831A18277F72110049AB84 /* View */,
				D0831A23277F72340049AB84 /* ViewModel */,
				D0831A3B277F727E0049AB84 /* Model */,
				D0831A48277F736C0049AB84 /* Documentation */,
				D0831A4F277F73C00049AB84 /* Preview Content */,
			);
			path = "Photo Club Hub";
			sourceTree = "<group>";
		};
		D0831A18277F72110049AB84 /* View */ = {
			isa = PBXGroup;
			children = (
				D0E2235227DE9139002A8600 /* PreludeView */,
				D081655C278612470078AB16 /* MemberPortfoliosView */,
				D0AE1B7327889D6700E0100E /* OrganizationsView */,
				D0AE1B762788A14500E0100E /* WhoIsWhoView */,
				D08DC6042AE57222008DBD68 /* SinglePortfolioLinkView */,
				D081655D278616710078AB16 /* SinglePortFolioView */,
				D05E451B27EF286B00D31327 /* SettingsView */,
				D05E451C27EF297100D31327 /* ReadmeView */,
				D0FE77E32BB9AE9000272077 /* ItemFilterStatsView */,
				D0FCF2E429B558B500F31442 /* VoteOnRoadmapView */,
			);
			path = View;
			sourceTree = "<group>";
		};
		D0831A23277F72340049AB84 /* ViewModel */ = {
			isa = PBXGroup;
			children = (
				D08416952B2FC07F000F316D /* Lists */,
				D08416942B2FC061000F316D /* ListReaders */,
				D0621E832AE2DF8E000FFADB /* IndividualClubs */,
				D0621E822AE2DF1B000FFADB /* MemberPortfolio */,
				D0831A2D277F72590049AB84 /* Organization.swift */,
				D0447C872BA510AF00982A1E /* LocalizedRemark.swift */,
				D0447C862BA510AF00982A1E /* Language.swift */,
				D0831A25277F72590049AB84 /* Photographer.swift */,
				D0831A29277F72590049AB84 /* PreferencesViewModel.swift */,
				D0C53BDC2ABF3ADF000722A1 /* PersonName.swift */,
				D030CD642B3AE2E800A12E90 /* OrganizationType.swift */,
			);
			path = ViewModel;
			sourceTree = "<group>";
		};
		D0831A26277F72590049AB84 /* BellusImago */ = {
			isa = PBXGroup;
			children = (
				D0831A28277F72590049AB84 /* BellusImagoMembersProvider.swift */,
				D0831A27277F72590049AB84 /* BellusImagoMembersProvider+insertSomeHardcodedMemberData.swift */,
			);
			path = BellusImago;
			sourceTree = "<group>";
		};
		D0831A2A277F72590049AB84 /* FotogroepWaalre */ = {
			isa = PBXGroup;
			children = (
				D0831A2C277F72590049AB84 /* FotogroepWaalreMembersProvider.swift */,
				D067549F2942B23F00C0AB08 /* FotogroepWaalreMembersProvide+enumHTMLPageLoadingState.swift */,
				D0831A2B277F72590049AB84 /* FotogroepWaalreMembersProvider+insertSomeHardcodedMemberData.swift */,
				D0968F652A76F8A00096987A /* FotogroepWaalreMembersProvider+insertOnlineMemberData.swift */,
				D08281342959C9D800D9C232 /* FotogroepWaalre Extractors */,
				D06061E728A0453F00A675A7 /* FGWPrivateMembersURL2.txt */,
				D06061E928A0456C00A675A7 /* FGWPrivateMembersURL3.txt */,
			);
			path = FotogroepWaalre;
			sourceTree = "<group>";
		};
		D0831A3B277F727E0049AB84 /* Model */ = {
			isa = PBXGroup;
			children = (
				D0A0B6832AA930E90078DE9A /* Photo_Club_Hub.xcdatamodeld */,
				D0ADF4AD27922DCA00535432 /* MemberRolesAndStatus.swift */,
				D0D18C77296E1F6A00B334DB /* OrganizationIdPlus.swift */,
			);
			path = Model;
			sourceTree = "<group>";
		};
		D0831A3F277F731C0049AB84 /* Extensions */ = {
			isa = PBXGroup;
			children = (
				D006BA7D2B115FB1002E555B /* LocationManager.swift */,
				D0329449283F9D1D0044C70C /* Bundle+VersionBuild.swift */,
				D06BE9322A4F870B0055B3B1 /* ifDebugUtils.swift */,
				D0416281295BBA7700ED073A /* CoreLocation+Equatable.swift */,
				D041627F295BB9DF00ED073A /* NSPredicate+all.swift */,
				D0831A43277F731C0049AB84 /* PersistenceController.swift */,
				D0831A40277F731C0049AB84 /* Published+UserDefaults.swift */,
				D0795CEB294FCCC200FA62A8 /* ShapeStyle+Colors.swift */,
				D024F11528423BE60055021B /* Sounds.swift */,
				D0BAB01C2A76CED300387E63 /* URLSession+synchronous.swift */,
				D0795CE9294FCAC000FA62A8 /* String extensions */,
				D044646427FCE7C100990613 /* UIDevice+IsIPad.swift */,
				D0795CEA294FCB1D00FA62A8 /* View extensions */,
			);
			path = Extensions;
			sourceTree = "<group>";
		};
		D0831A48277F736C0049AB84 /* Documentation */ = {
			isa = PBXGroup;
			children = (
				D0831A4B277F736C0049AB84 /* ReleaseNotes.md */,
				D0E02F942B7FA33200D67CDA /* Readme_EN_2_5_7.pages */,
				D0E02F972B80191300D67CDA /* Readme_NL_2_5_7.pages */,
				D07A1E2E28314EA600C77F66 /* SwiftUIEnvironmentValues.png */,
				D01DFAA627E778BD007BABFA /* offsets.md */,
				D04A2B112AC0958C003ED113 /* LineCount.xlsx */,
			);
			path = Documentation;
			sourceTree = "<group>";
		};
		D0831A4F277F73C00049AB84 /* Preview Content */ = {
			isa = PBXGroup;
			children = (
				D0831A50277F73C00049AB84 /* Preview Assets.xcassets */,
			);
			path = "Preview Content";
			sourceTree = "<group>";
		};
		D08416942B2FC061000F316D /* ListReaders */ = {
			isa = PBXGroup;
			children = (
				D0EAEB322B3CA6D300EC05B6 /* RootLevel1JsonReader.swift */,
			);
			path = ListReaders;
			sourceTree = "<group>";
		};
		D08416952B2FC07F000F316D /* Lists */ = {
			isa = PBXGroup;
			children = (
				D04B1A0B2B1AA06300EB3817 /* OrganizationList.json */,
				D0A30FB72BB0BB33009A9A6E /* root.level1.json */,
				D0E2D6032B9B9568008D1F7A /* test1Club.level1.json */,
				D0A5B7EE2B45F67E001FAD59 /* test2Club2Museum.level1.json */,
				D08416912B2FA3C2000F316D /* fgAnders.level2.json */,
				D08416922B2FAEB1000F316D /* fgDeGender.level2.json */,
			);
			path = Lists;
			sourceTree = "<group>";
		};
		D08DC6042AE57222008DBD68 /* SinglePortfolioLinkView */ = {
			isa = PBXGroup;
			children = (
				D08DC6052AE57294008DBD68 /* SinglePortfolioLinkView.swift */,
			);
			path = SinglePortfolioLinkView;
			sourceTree = "<group>";
		};
		D0AE1B7327889D6700E0100E /* OrganizationsView */ = {
			isa = PBXGroup;
			children = (
				D0AE1B7427889E8600E0100E /* OrganizationListView.swift */,
				D0831A1B277F72270049AB84 /* FilteredOrganizationView.swift */,
				D0E694C827EF9B450054D634 /* LockAnimationView.swift */,
			);
			path = OrganizationsView;
			sourceTree = "<group>";
		};
		D0AE1B762788A14500E0100E /* WhoIsWhoView */ = {
			isa = PBXGroup;
			children = (
				D0AE1B772788A19500E0100E /* WhoIsWhoListView.swift */,
				D0831A1C277F72270049AB84 /* FilteredWhoIsWhoView.swift */,
				D08754092BC5E9FD00FCBDB3 /* WhoIsWhoTextInfo.swift */,
				D087540B2BC5EE3700FCBDB3 /* WhoIsWhoThumbnails.swift */,
			);
			path = WhoIsWhoView;
			sourceTree = "<group>";
		};
		D0CEAECD2B2E1120005AE47D /* Localization */ = {
			isa = PBXGroup;
			children = (
				D04DFD892B39FD19006EF297 /* Photo-Club-Hub-InfoPlist.strings */,
				D0B52495277F9A4B00927BCA /* Localizable.strings */,
				D0CEAECE2B2E1134005AE47D /* Settings.bundle */,
				D0DF0F442B2CFA3800E9FEC8 /* Photo Club Hub Localizations */,
			);
			path = Localization;
			sourceTree = "<group>";
		};
		D0DC7A4D2B647CAA00971288 /* SwiftyJSON */ = {
			isa = PBXGroup;
			children = (
				D01793FD2B6404ED00095E8C /* SwiftyJSON.swift */,
			);
			path = SwiftyJSON;
			sourceTree = "<group>";
		};
		D0E2235227DE9139002A8600 /* PreludeView */ = {
			isa = PBXGroup;
			children = (
				D0E2235327DE9139002A8600 /* PreludeView.swift */,
				D0EB533B295775240061613B /* Crosshairs.swift */,
				D0C6E95429577921001E5CE9 /* DebugPanel.swift */,
				D082BE902957806800FF0812 /* LogoPath.swift */,
			);
			path = PreludeView;
			sourceTree = "<group>";
		};
		D0F2F2F22873A19F009DDD2A /* .github */ = {
			isa = PBXGroup;
			children = (
				D02C35F12880C3D6008C671A /* README.md */,
				D02AB3EF28A702800021BF41 /* LICENSE.md */,
				D0F2F2F32873A19F009DDD2A /* images */,
			);
			path = .github;
			sourceTree = "<group>";
		};
		D0F2F2F32873A19F009DDD2A /* images */ = {
			isa = PBXGroup;
			children = (
				D036591D2BADAD340014F266 /* app_screenshots_EN.jpg */,
				D06588E32BAE2F24000FD7F3 /* portfoliosScreen.png */,
				D06588E42BAE31A0000FD7F3 /* clubsMuseumsScreen.png */,
				D06588E52BAE31AE000FD7F3 /* imagesScreen.png */,
				D06588E62BAE3E41000FD7F3 /* preferencesScreen.png */,
				D06588E72BAE3E49000FD7F3 /* readmeScreen.png */,
				D032516A2BBB6CB6005E9B32 /* whosWhoScreen.png */,
				D06588EA2BAE5071000FD7F3 /* preludeScreen.png */,
				D008665C2BBDC29C0091F204 /* dataModel.png */,
			);
			path = images;
			sourceTree = "<group>";
		};
		D0FCF2E429B558B500F31442 /* VoteOnRoadmapView */ = {
			isa = PBXGroup;
			children = (
				D0FCF2E229B5517000F31442 /* VoteOnRoadmapView.swift */,
				D0FCF2E529B558FE00F31442 /* Roadmap.json */,
			);
			path = VoteOnRoadmapView;
			sourceTree = "<group>";
		};
		D0FE77E32BB9AE9000272077 /* ItemFilterStatsView */ = {
			isa = PBXGroup;
			children = (
				D0C8E3A12BB81B4A00348D97 /* ItemFilterStatsView.swift */,
				D0FE77E42BB9AEE900272077 /* ItemFilterStatsEnum.swift */,
			);
			path = ItemFilterStatsView;
			sourceTree = "<group>";
		};
/* End PBXGroup section */

/* Begin PBXNativeTarget section */
		D08319E2277F70A30049AB84 /* Photo Club Hub */ = {
			isa = PBXNativeTarget;
			buildConfigurationList = D0831A0C277F70A50049AB84 /* Build configuration list for PBXNativeTarget "Photo Club Hub" */;
			buildPhases = (
				D08319DF277F70A30049AB84 /* Sources */,
				D08319E0277F70A30049AB84 /* Frameworks */,
				D08319E1277F70A30049AB84 /* Resources */,
				D0831A15277F70D80049AB84 /* Run SwiftLint script */,
				D003AA7F278F896B001D57B7 /* Run IncrementBuildNumber script */,
				D05FCD28278E4573008F41D0 /* Run UpdateVersionInSettingsBundle script */,
			);
			buildRules = (
			);
			dependencies = (
			);
			name = "Photo Club Hub";
			packageProductDependencies = (
			);
			productName = "Fotogroep Waalre 2";
			productReference = D08319E3277F70A30049AB84 /* Photo Club Hub.app */;
			productType = "com.apple.product-type.application";
		};
/* End PBXNativeTarget section */

/* Begin PBXProject section */
		D08319DB277F70A30049AB84 /* Project object */ = {
			isa = PBXProject;
			attributes = {
				BuildIndependentTargetsInParallel = 1;
				LastSwiftUpdateCheck = 1320;
				LastUpgradeCheck = 1520;
				TargetAttributes = {
					D08319E2277F70A30049AB84 = {
						CreatedOnToolsVersion = 13.2.1;
					};
				};
			};
			buildConfigurationList = D08319DE277F70A30049AB84 /* Build configuration list for PBXProject "Photo Club Hub" */;
			compatibilityVersion = "Xcode 13.0";
			developmentRegion = en;
			hasScannedForEncodings = 0;
			knownRegions = (
				en,
				nl,
				Base,
			);
			mainGroup = D08319DA277F70A30049AB84;
			packageReferences = (
			);
			productRefGroup = D08319E4277F70A30049AB84 /* Products */;
			projectDirPath = "";
			projectRoot = "";
			targets = (
				D08319E2277F70A30049AB84 /* Photo Club Hub */,
			);
		};
/* End PBXProject section */

/* Begin PBXResourcesBuildPhase section */
		D08319E1277F70A30049AB84 /* Resources */ = {
			isa = PBXResourcesBuildPhase;
			buildActionMask = 2147483647;
			files = (
				D008D2AA28739167007A7BE2 /* .gitignore in Resources */,
				D0E2D6062B9B9577008D1F7A /* test1Club.level1.json in Resources */,
				D0E02F9B2B80191300D67CDA /* Readme_NL_2_5_7.pages in Resources */,
				D06061EA28A0456C00A675A7 /* FGWPrivateMembersURL3.txt in Resources */,
				D03AB6AC2BBEBD3700F33E74 /* fgAnders.level2.json in Resources */,
				D0B52497277F9A4B00927BCA /* Localizable.strings in Resources */,
				D0A30FB82BB0BB33009A9A6E /* root.level1.json in Resources */,
				D0831A51277F73C00049AB84 /* Preview Assets.xcassets in Resources */,
				D0FC30C92BA78F2E0051AFB6 /* OrganizationList.json in Resources */,
				D03AB6AD2BBEBD3C00F33E74 /* test2Club2Museum.level1.json in Resources */,
				D04A2B122AC0958C003ED113 /* LineCount.xlsx in Resources */,
				D053F23D2B54430C00662EF8 /* Photo-Club-Hub-InfoPlist.strings in Resources */,
				D06061E828A0453F00A675A7 /* FGWPrivateMembersURL2.txt in Resources */,
				D08319EB277F70A40049AB84 /* Assets.xcassets in Resources */,
				D08416932B2FAEB1000F316D /* fgDeGender.level2.json in Resources */,
			);
			runOnlyForDeploymentPostprocessing = 0;
		};
/* End PBXResourcesBuildPhase section */

/* Begin PBXShellScriptBuildPhase section */
		D003AA7F278F896B001D57B7 /* Run IncrementBuildNumber script */ = {
			isa = PBXShellScriptBuildPhase;
			alwaysOutOfDate = 1;
			buildActionMask = 12;
			files = (
			);
			inputFileListPaths = (
			);
			inputPaths = (
			);
			name = "Run IncrementBuildNumber script";
			outputFileListPaths = (
			);
			outputPaths = (
			);
			runOnlyForDeploymentPostprocessing = 0;
			shellPath = /bin/sh;
			shellScript = "buildNumber=$(xcodebuild -showBuildSettings | grep CURRENT_PROJECT_VERSION | tr -d 'CURRENT_PROJECT_VERSION =')\n#buildNumber=`echo $buildNumber +1|bc`\nxcrun agvtool new-version $buildNumber\n";
			showEnvVarsInLog = 0;
		};
		D05FCD28278E4573008F41D0 /* Run UpdateVersionInSettingsBundle script */ = {
			isa = PBXShellScriptBuildPhase;
			alwaysOutOfDate = 1;
			buildActionMask = 2147483647;
			files = (
			);
			inputFileListPaths = (
			);
			inputPaths = (
			);
			name = "Run UpdateVersionInSettingsBundle script";
			outputFileListPaths = (
			);
			outputPaths = (
			);
			runOnlyForDeploymentPostprocessing = 0;
			shellPath = /bin/sh;
			shellScript = "# do not enable: no longer needed\n# buildNumber=$(xcodebuild -showBuildSettings | grep CURRENT_PROJECT_VERSION | tr -d 'CURRENT_PROJECT_VERSION =')\n# version=\"$MARKETING_VERSION ($buildNumber)\"\n# /usr/libexec/PlistBuddy \"$SRCROOT/Settings.bundle/Root.plist\" -c \"set PreferenceSpecifiers:1:DefaultValue $version\"\n";
		};
		D0831A15277F70D80049AB84 /* Run SwiftLint script */ = {
			isa = PBXShellScriptBuildPhase;
			alwaysOutOfDate = 1;
			buildActionMask = 12;
			files = (
			);
			inputFileListPaths = (
			);
			inputPaths = (
			);
			name = "Run SwiftLint script";
			outputFileListPaths = (
			);
			outputPaths = (
			);
			runOnlyForDeploymentPostprocessing = 0;
			shellPath = /bin/sh;
			shellScript = "export PATH=\"$PATH:/opt/homebrew/bin\"\nif which swiftlint >/dev/null; then\n  swiftlint\nelse\n  echo \"warning: SwiftLint not installed, download from https://github.com/realm/SwiftLint\"\nfi\n";
			showEnvVarsInLog = 0;
		};
/* End PBXShellScriptBuildPhase section */

/* Begin PBXSourcesBuildPhase section */
		D08319DF277F70A30049AB84 /* Sources */ = {
			isa = PBXSourcesBuildPhase;
			buildActionMask = 2147483647;
			files = (
				D040566D29A0287200CB64B8 /* MemberPortfolioRow.swift in Sources */,
				D0416280295BB9DF00ED073A /* NSPredicate+all.swift in Sources */,
				D0DE02772789D1B30062738C /* RoleIconView.swift in Sources */,
				D08DC6062AE57294008DBD68 /* SinglePortfolioLinkView.swift in Sources */,
				D0C6E95529577921001E5CE9 /* DebugPanel.swift in Sources */,
				D087540C2BC5EE3700FCBDB3 /* WhoIsWhoThumbnails.swift in Sources */,
				D0831A33277F72590049AB84 /* BellusImagoMembersProvider+insertSomeHardcodedMemberData.swift in Sources */,
				D0831A45277F731C0049AB84 /* String+Capitalize.swift in Sources */,
				D05414F92AC749EC00D899D8 /* FotogroepDeGenderMembersProvider+insertSomeHardcodedMemberDataCommon.swift in Sources */,
				D0831A1F277F72270049AB84 /* FilteredMemberPortfoliosView.swift in Sources */,
				D08281332959C7EA00D9C232 /* FGWMembersProvider+extractEMail.swift in Sources */,
				D0831A34277F72590049AB84 /* BellusImagoMembersProvider.swift in Sources */,
				D0FE77E52BB9AEE900272077 /* ItemFilterStatsEnum.swift in Sources */,
				D0C53BDD2ABF3ADF000722A1 /* PersonName.swift in Sources */,
				D0ADF4AE27922DCA00535432 /* MemberRolesAndStatus.swift in Sources */,
				D0447C882BA510AF00982A1E /* Language.swift in Sources */,
				D06BE9332A4F870B0055B3B1 /* ifDebugUtils.swift in Sources */,
				D0831A38277F72590049AB84 /* Organization.swift in Sources */,
				D06061ED28A05D4600A675A7 /* String+Paths.swift in Sources */,
				D0275F5527E3E21F002FA4FE /* View+OnTapGesture.swift in Sources */,
				D0447C892BA510AF00982A1E /* LocalizedRemark.swift in Sources */,
				D0A0B6852AA930E90078DE9A /* Photo_Club_Hub.xcdatamodeld in Sources */,
				D0831A22277F72270049AB84 /* MemberPortfolioListView.swift in Sources */,
				D0C8E3A22BB81B4A00348D97 /* ItemFilterStatsView.swift in Sources */,
				D0AE1B7527889E8600E0100E /* OrganizationListView.swift in Sources */,
				D08281312959C6F400D9C232 /* FGWMembersProvider+extractPhone.swift in Sources */,
				D0E694C927EF9B450054D634 /* LockAnimationView.swift in Sources */,
				D0416282295BBA7700ED073A /* CoreLocation+Equatable.swift in Sources */,
				D032944A283F9D1D0044C70C /* Bundle+VersionBuild.swift in Sources */,
				D0621E852AE2E085000FFADB /* MemberPortfolio+updating.swift in Sources */,
				D0968F662A76F8A00096987A /* FotogroepWaalreMembersProvider+insertOnlineMemberData.swift in Sources */,
				D024F11628423BE60055021B /* Sounds.swift in Sources */,
				D08281362959CA7000D9C232 /* FGWMembersProvider+extractExternalURL.swift in Sources */,
				D0795CEC294FCCC200FA62A8 /* ShapeStyle+Colors.swift in Sources */,
				D0EB533C295775240061613B /* Crosshairs.swift in Sources */,
				D0831A36277F72590049AB84 /* FotogroepWaalreMembersProvider+insertSomeHardcodedMemberData.swift in Sources */,
				D0621E892AE2E47B000FFADB /* MemberPortfolio+refreshFirstImage.swift in Sources */,
				D0831A20277F72270049AB84 /* FilteredOrganizationView.swift in Sources */,
				D01793FE2B6404ED00095E8C /* SwiftyJSON.swift in Sources */,
				D0E2235427DE9139002A8600 /* PreludeView.swift in Sources */,
				D0621E812AE2D7DE000FFADB /* MemberPortfolio+roles.swift in Sources */,
				D02C273C2AEE6F870005F957 /* AndersMembersProvider.swift in Sources */,
				D0362A872AC3A21200F87378 /* String+containsWordUsingNLP.swift in Sources */,
				D0AE1B782788A19500E0100E /* WhoIsWhoListView.swift in Sources */,
				D006BA7E2B115FB1002E555B /* LocationManager.swift in Sources */,
				D0831A21277F72270049AB84 /* FilteredWhoIsWhoView.swift in Sources */,
				D04DFD882B39F788006EF297 /* Published+UserDefaults.swift in Sources */,
				D0831A35277F72590049AB84 /* PreferencesViewModel.swift in Sources */,
				D081655F278616930078AB16 /* SinglePortfolioView.swift in Sources */,
				D0831A47277F731C0049AB84 /* PersistenceController.swift in Sources */,
				D08319E7277F70A30049AB84 /* PhotoClubHubApp.swift in Sources */,
				D0BAB01D2A76CED300387E63 /* URLSession+synchronous.swift in Sources */,
				D05414F72AC7499000D899D8 /* FotogroepDeGenderMembersProvider.swift in Sources */,
				D0B260B72958FC2D00B73E1A /* FGWMembersProvider+extractName.swift in Sources */,
				D08281382959CB5000D9C232 /* FGWMembersProvider+extractBirthDate.swift in Sources */,
				D0D18C78296E1F6A00B334DB /* OrganizationIdPlus.swift in Sources */,
				D0831A1E277F72270049AB84 /* PreferencesView.swift in Sources */,
				D02C273E2AEE6FCD0005F957 /* AndersMembersProvider+InsertSomeHardcodedMemberData.swift in Sources */,
				D0831A37277F72590049AB84 /* FotogroepWaalreMembersProvider.swift in Sources */,
				D030CD652B3AE2E800A12E90 /* OrganizationType.swift in Sources */,
				D0831A31277F72590049AB84 /* MemberPortfolio.swift in Sources */,
				D0831A32277F72590049AB84 /* Photographer.swift in Sources */,
				D0EAEB332B3CA6D300EC05B6 /* RootLevel1JsonReader.swift in Sources */,
				D087540A2BC5E9FD00FCBDB3 /* WhoIsWhoTextInfo.swift in Sources */,
				D044646527FCE7C100990613 /* UIDevice+IsIPad.swift in Sources */,
				D05E451E27EF2A2C00D31327 /* ReadmeView.swift in Sources */,
				D01D2B6227D3BBDC00E2FE41 /* View+Navigate.swift in Sources */,
				D06754A02942B23F00C0AB08 /* FotogroepWaalreMembersProvide+enumHTMLPageLoadingState.swift in Sources */,
				D082BE912957806800FF0812 /* LogoPath.swift in Sources */,
			);
			runOnlyForDeploymentPostprocessing = 0;
		};
/* End PBXSourcesBuildPhase section */

/* Begin PBXVariantGroup section */
		D04DFD892B39FD19006EF297 /* Photo-Club-Hub-InfoPlist.strings */ = {
			isa = PBXVariantGroup;
			children = (
				D04DFD8A2B39FD19006EF297 /* nl */,
			);
			name = "Photo-Club-Hub-InfoPlist.strings";
			sourceTree = "<group>";
		};
		D053F23B2B54430C00662EF8 /* Photo-Club-Hub-InfoPlist.strings */ = {
			isa = PBXVariantGroup;
			children = (
				D053F23C2B54430C00662EF8 /* nl */,
			);
			name = "Photo-Club-Hub-InfoPlist.strings";
			sourceTree = "<group>";
		};
		D0B52495277F9A4B00927BCA /* Localizable.strings */ = {
			isa = PBXVariantGroup;
			children = (
				D0B52496277F9A4B00927BCA /* nl */,
				D0CB581228149D18005D496F /* en */,
			);
			name = Localizable.strings;
			sourceTree = "<group>";
		};
/* End PBXVariantGroup section */

/* Begin XCBuildConfiguration section */
		D0831A0A277F70A50049AB84 /* Debug */ = {
			isa = XCBuildConfiguration;
			buildSettings = {
				ALWAYS_SEARCH_USER_PATHS = NO;
				ASSETCATALOG_COMPILER_GENERATE_SWIFT_ASSET_SYMBOL_EXTENSIONS = NO;
				CLANG_ANALYZER_LOCALIZABILITY_NONLOCALIZED = YES;
				CLANG_ANALYZER_NONNULL = YES;
				CLANG_ANALYZER_NUMBER_OBJECT_CONVERSION = YES_AGGRESSIVE;
				CLANG_CXX_LANGUAGE_STANDARD = "gnu++17";
				CLANG_CXX_LIBRARY = "libc++";
				CLANG_ENABLE_MODULES = YES;
				CLANG_ENABLE_OBJC_ARC = YES;
				CLANG_ENABLE_OBJC_WEAK = YES;
				CLANG_WARN_BLOCK_CAPTURE_AUTORELEASING = YES;
				CLANG_WARN_BOOL_CONVERSION = YES;
				CLANG_WARN_COMMA = YES;
				CLANG_WARN_CONSTANT_CONVERSION = YES;
				CLANG_WARN_DEPRECATED_OBJC_IMPLEMENTATIONS = YES;
				CLANG_WARN_DIRECT_OBJC_ISA_USAGE = YES_ERROR;
				CLANG_WARN_DOCUMENTATION_COMMENTS = YES;
				CLANG_WARN_EMPTY_BODY = YES;
				CLANG_WARN_ENUM_CONVERSION = YES;
				CLANG_WARN_INFINITE_RECURSION = YES;
				CLANG_WARN_INT_CONVERSION = YES;
				CLANG_WARN_NON_LITERAL_NULL_CONVERSION = YES;
				CLANG_WARN_OBJC_IMPLICIT_RETAIN_SELF = YES;
				CLANG_WARN_OBJC_LITERAL_CONVERSION = YES;
				CLANG_WARN_OBJC_ROOT_CLASS = YES_ERROR;
				CLANG_WARN_QUOTED_INCLUDE_IN_FRAMEWORK_HEADER = YES;
				CLANG_WARN_RANGE_LOOP_ANALYSIS = YES;
				CLANG_WARN_STRICT_PROTOTYPES = YES;
				CLANG_WARN_SUSPICIOUS_MOVE = YES;
				CLANG_WARN_UNGUARDED_AVAILABILITY = YES_AGGRESSIVE;
				CLANG_WARN_UNREACHABLE_CODE = YES;
				CLANG_WARN__DUPLICATE_METHOD_MATCH = YES;
				COPY_PHASE_STRIP = NO;
				DEBUG_INFORMATION_FORMAT = dwarf;
				ENABLE_STRICT_OBJC_MSGSEND = YES;
				ENABLE_TESTABILITY = YES;
				ENABLE_USER_SCRIPT_SANDBOXING = YES;
				GCC_C_LANGUAGE_STANDARD = gnu11;
				GCC_DYNAMIC_NO_PIC = NO;
				GCC_NO_COMMON_BLOCKS = YES;
				GCC_OPTIMIZATION_LEVEL = 0;
				GCC_PREPROCESSOR_DEFINITIONS = (
					"DEBUG=1",
					"$(inherited)",
				);
				GCC_WARN_64_TO_32_BIT_CONVERSION = YES;
				GCC_WARN_ABOUT_RETURN_TYPE = YES_ERROR;
				GCC_WARN_UNDECLARED_SELECTOR = YES;
				GCC_WARN_UNINITIALIZED_AUTOS = YES_AGGRESSIVE;
				GCC_WARN_UNUSED_FUNCTION = YES;
				GCC_WARN_UNUSED_VARIABLE = YES;
				IPHONEOS_DEPLOYMENT_TARGET = 17.0;
				MTL_ENABLE_DEBUG_INFO = INCLUDE_SOURCE;
				MTL_FAST_MATH = YES;
				ONLY_ACTIVE_ARCH = YES;
				SDKROOT = iphoneos;
				SWIFT_ACTIVE_COMPILATION_CONDITIONS = DEBUG;
				SWIFT_EMIT_LOC_STRINGS = YES;
				SWIFT_OPTIMIZATION_LEVEL = "-Onone";
			};
			name = Debug;
		};
		D0831A0B277F70A50049AB84 /* Release */ = {
			isa = XCBuildConfiguration;
			buildSettings = {
				ALWAYS_SEARCH_USER_PATHS = NO;
				ASSETCATALOG_COMPILER_GENERATE_SWIFT_ASSET_SYMBOL_EXTENSIONS = NO;
				CLANG_ANALYZER_LOCALIZABILITY_NONLOCALIZED = YES;
				CLANG_ANALYZER_NONNULL = YES;
				CLANG_ANALYZER_NUMBER_OBJECT_CONVERSION = YES_AGGRESSIVE;
				CLANG_CXX_LANGUAGE_STANDARD = "gnu++17";
				CLANG_CXX_LIBRARY = "libc++";
				CLANG_ENABLE_MODULES = YES;
				CLANG_ENABLE_OBJC_ARC = YES;
				CLANG_ENABLE_OBJC_WEAK = YES;
				CLANG_WARN_BLOCK_CAPTURE_AUTORELEASING = YES;
				CLANG_WARN_BOOL_CONVERSION = YES;
				CLANG_WARN_COMMA = YES;
				CLANG_WARN_CONSTANT_CONVERSION = YES;
				CLANG_WARN_DEPRECATED_OBJC_IMPLEMENTATIONS = YES;
				CLANG_WARN_DIRECT_OBJC_ISA_USAGE = YES_ERROR;
				CLANG_WARN_DOCUMENTATION_COMMENTS = YES;
				CLANG_WARN_EMPTY_BODY = YES;
				CLANG_WARN_ENUM_CONVERSION = YES;
				CLANG_WARN_INFINITE_RECURSION = YES;
				CLANG_WARN_INT_CONVERSION = YES;
				CLANG_WARN_NON_LITERAL_NULL_CONVERSION = YES;
				CLANG_WARN_OBJC_IMPLICIT_RETAIN_SELF = YES;
				CLANG_WARN_OBJC_LITERAL_CONVERSION = YES;
				CLANG_WARN_OBJC_ROOT_CLASS = YES_ERROR;
				CLANG_WARN_QUOTED_INCLUDE_IN_FRAMEWORK_HEADER = YES;
				CLANG_WARN_RANGE_LOOP_ANALYSIS = YES;
				CLANG_WARN_STRICT_PROTOTYPES = YES;
				CLANG_WARN_SUSPICIOUS_MOVE = YES;
				CLANG_WARN_UNGUARDED_AVAILABILITY = YES_AGGRESSIVE;
				CLANG_WARN_UNREACHABLE_CODE = YES;
				CLANG_WARN__DUPLICATE_METHOD_MATCH = YES;
				COPY_PHASE_STRIP = NO;
				DEBUG_INFORMATION_FORMAT = "dwarf-with-dsym";
				ENABLE_NS_ASSERTIONS = NO;
				ENABLE_STRICT_OBJC_MSGSEND = YES;
				ENABLE_USER_SCRIPT_SANDBOXING = YES;
				GCC_C_LANGUAGE_STANDARD = gnu11;
				GCC_NO_COMMON_BLOCKS = YES;
				GCC_WARN_64_TO_32_BIT_CONVERSION = YES;
				GCC_WARN_ABOUT_RETURN_TYPE = YES_ERROR;
				GCC_WARN_UNDECLARED_SELECTOR = YES;
				GCC_WARN_UNINITIALIZED_AUTOS = YES_AGGRESSIVE;
				GCC_WARN_UNUSED_FUNCTION = YES;
				GCC_WARN_UNUSED_VARIABLE = YES;
				IPHONEOS_DEPLOYMENT_TARGET = 17.0;
				MTL_ENABLE_DEBUG_INFO = NO;
				MTL_FAST_MATH = YES;
				SDKROOT = iphoneos;
				SWIFT_COMPILATION_MODE = wholemodule;
				SWIFT_EMIT_LOC_STRINGS = YES;
				SWIFT_OPTIMIZATION_LEVEL = "-O";
				VALIDATE_PRODUCT = YES;
			};
			name = Release;
		};
		D0831A0D277F70A50049AB84 /* Debug */ = {
			isa = XCBuildConfiguration;
			buildSettings = {
				ASSETCATALOG_COMPILER_APPICON_NAME = AppIcon;
				ASSETCATALOG_COMPILER_GLOBAL_ACCENT_COLOR_NAME = AccentColor;
				CODE_SIGN_ENTITLEMENTS = "Photo Club Hub/PhotoClubHub.entitlements";
				CODE_SIGN_IDENTITY = "Apple Development";
				CODE_SIGN_STYLE = Automatic;
				CURRENT_PROJECT_VERSION = 4620;
				DEVELOPMENT_ASSET_PATHS = "\"Photo Club Hub/Preview Content\"";
				DEVELOPMENT_TEAM = YDEWPN9GZ6;
				ENABLE_PREVIEWS = YES;
				ENABLE_USER_SCRIPT_SANDBOXING = NO;
				GENERATE_INFOPLIST_FILE = YES;
				INFOPLIST_FILE = "Photo-Club-Hub-Info.plist";
				INFOPLIST_KEY_CFBundleDisplayName = "Photo Club Hub";
				INFOPLIST_KEY_LSApplicationCategoryType = "public.app-category.photography";
				INFOPLIST_KEY_UIApplicationSupportsIndirectInputEvents = YES;
				INFOPLIST_KEY_UILaunchScreen_Generation = YES;
				INFOPLIST_KEY_UIStatusBarStyle = "";
				INFOPLIST_KEY_UISupportedInterfaceOrientations = "UIInterfaceOrientationLandscapeLeft UIInterfaceOrientationLandscapeRight UIInterfaceOrientationPortrait";
				INFOPLIST_KEY_UISupportedInterfaceOrientations_iPad = "UIInterfaceOrientationLandscapeLeft UIInterfaceOrientationLandscapeRight UIInterfaceOrientationPortrait UIInterfaceOrientationPortraitUpsideDown";
				IPHONEOS_DEPLOYMENT_TARGET = 17.0;
				LD_RUNPATH_SEARCH_PATHS = (
					"$(inherited)",
					"@executable_path/Frameworks",
				);
				MACOSX_DEPLOYMENT_TARGET = 13.0;
				MARKETING_VERSION = 2.5.7;
				PRODUCT_BUNDLE_IDENTIFIER = "com.vdhamer.Fotogroep-Waalre";
				PRODUCT_NAME = "$(TARGET_NAME)";
				PROVISIONING_PROFILE_SPECIFIER = "";
				SUPPORTED_PLATFORMS = "iphonesimulator iphoneos";
				SUPPORTS_MACCATALYST = NO;
				SUPPORTS_MAC_DESIGNED_FOR_IPHONE_IPAD = YES;
				SWIFT_EMIT_LOC_STRINGS = YES;
				SWIFT_VERSION = 5.0;
				TARGETED_DEVICE_FAMILY = "1,2";
			};
			name = Debug;
		};
		D0831A0E277F70A50049AB84 /* Release */ = {
			isa = XCBuildConfiguration;
			buildSettings = {
				ASSETCATALOG_COMPILER_APPICON_NAME = AppIcon;
				ASSETCATALOG_COMPILER_GLOBAL_ACCENT_COLOR_NAME = AccentColor;
				CODE_SIGN_ENTITLEMENTS = "Photo Club Hub/PhotoClubHub.entitlements";
				CODE_SIGN_IDENTITY = "Apple Development";
				CODE_SIGN_STYLE = Automatic;
				CURRENT_PROJECT_VERSION = 4620;
				DEVELOPMENT_ASSET_PATHS = "\"Photo Club Hub/Preview Content\"";
				DEVELOPMENT_TEAM = YDEWPN9GZ6;
				ENABLE_PREVIEWS = YES;
				ENABLE_USER_SCRIPT_SANDBOXING = NO;
				GENERATE_INFOPLIST_FILE = YES;
				INFOPLIST_FILE = "Photo-Club-Hub-Info.plist";
				INFOPLIST_KEY_CFBundleDisplayName = "Photo Club Hub";
				INFOPLIST_KEY_LSApplicationCategoryType = "public.app-category.photography";
				INFOPLIST_KEY_UIApplicationSupportsIndirectInputEvents = YES;
				INFOPLIST_KEY_UILaunchScreen_Generation = YES;
				INFOPLIST_KEY_UIStatusBarStyle = "";
				INFOPLIST_KEY_UISupportedInterfaceOrientations = "UIInterfaceOrientationLandscapeLeft UIInterfaceOrientationLandscapeRight UIInterfaceOrientationPortrait";
				INFOPLIST_KEY_UISupportedInterfaceOrientations_iPad = "UIInterfaceOrientationLandscapeLeft UIInterfaceOrientationLandscapeRight UIInterfaceOrientationPortrait UIInterfaceOrientationPortraitUpsideDown";
				IPHONEOS_DEPLOYMENT_TARGET = 17.0;
				LD_RUNPATH_SEARCH_PATHS = (
					"$(inherited)",
					"@executable_path/Frameworks",
				);
				MACOSX_DEPLOYMENT_TARGET = 13.0;
				MARKETING_VERSION = 2.5.7;
				PRODUCT_BUNDLE_IDENTIFIER = "com.vdhamer.Fotogroep-Waalre";
				PRODUCT_NAME = "$(TARGET_NAME)";
				PROVISIONING_PROFILE_SPECIFIER = "";
				SUPPORTED_PLATFORMS = "iphonesimulator iphoneos";
				SUPPORTS_MACCATALYST = NO;
				SUPPORTS_MAC_DESIGNED_FOR_IPHONE_IPAD = YES;
				SWIFT_EMIT_LOC_STRINGS = YES;
				SWIFT_VERSION = 5.0;
				TARGETED_DEVICE_FAMILY = "1,2";
			};
			name = Release;
		};
/* End XCBuildConfiguration section */

/* Begin XCConfigurationList section */
		D08319DE277F70A30049AB84 /* Build configuration list for PBXProject "Photo Club Hub" */ = {
			isa = XCConfigurationList;
			buildConfigurations = (
				D0831A0A277F70A50049AB84 /* Debug */,
				D0831A0B277F70A50049AB84 /* Release */,
			);
			defaultConfigurationIsVisible = 0;
			defaultConfigurationName = Release;
		};
		D0831A0C277F70A50049AB84 /* Build configuration list for PBXNativeTarget "Photo Club Hub" */ = {
			isa = XCConfigurationList;
			buildConfigurations = (
				D0831A0D277F70A50049AB84 /* Debug */,
				D0831A0E277F70A50049AB84 /* Release */,
			);
			defaultConfigurationIsVisible = 0;
			defaultConfigurationName = Release;
		};
/* End XCConfigurationList section */

/* Begin XCVersionGroup section */
		D0A0B6832AA930E90078DE9A /* Photo_Club_Hub.xcdatamodeld */ = {
			isa = XCVersionGroup;
			children = (
				D0AEDF3C2BBE0CD1003FD250 /* Photo_Club_Hub_2_5_7.xcdatamodel */,
				D036591F2BADBAE10014F266 /* Photo_Club_Hub_2_5_6.xcdatamodel */,
				D09C90642BA8F171005FA3D6 /* Photo_Club_Hub_2_5_5a.xcdatamodel */,
				D06E91E72B939C1B00D05BC0 /* Photo_Club_Hub_2_5_4.xcdatamodel */,
				D0CEAED32B2E5847005AE47D /* Photo_Club_Hub_2_5_3.xcdatamodel */,
				D0D4860D2B0EC18A00ED0542 /* Photo_Club_Hub_2_5_2.xcdatamodel */,
				D01DDD962AF5A11F00F98906 /* Photo_Club_Hub_2_5_1.xcdatamodel */,
				D0E673BA2AE1C1A100A4DC95 /* Photo_Club_Hub_2_5_0.xcdatamodel */,
				D0F999502AACE217005FA0FF /* Photo_Club_Hub_2_4_2.xcdatamodel */,
				D0A0B6872AA932A10078DE9A /* Photo_Club_Hub_2_4_1.xcdatamodel */,
				D0A0B6842AA930E90078DE9A /* Photo_Club_Hub.xcdatamodel */,
			);
			currentVersion = D0AEDF3C2BBE0CD1003FD250 /* Photo_Club_Hub_2_5_7.xcdatamodel */;
			path = Photo_Club_Hub.xcdatamodeld;
			sourceTree = "<group>";
			versionGroupType = wrapper.xcdatamodel;
		};
/* End XCVersionGroup section */
	};
	rootObject = D08319DB277F70A30049AB84 /* Project object */;
}
