// !$*UTF8*$!
{
	archiveVersion = 1;
	classes = {
	};
	objectVersion = 55;
	objects = {

/* Begin PBXBuildFile section */
		D008D2AA28739167007A7BE2 /* .gitignore in Resources */ = {isa = PBXBuildFile; fileRef = D008D2A928739167007A7BE2 /* .gitignore */; };
		D01D2B6227D3BBDC00E2FE41 /* View+Navigate.swift in Sources */ = {isa = PBXBuildFile; fileRef = D01D2B6127D3BBDC00E2FE41 /* View+Navigate.swift */; };
		D02382B7279322B0001BFE59 /* DeviceOwnership.swift in Sources */ = {isa = PBXBuildFile; fileRef = D02382B6279322B0001BFE59 /* DeviceOwnership.swift */; };
		D024F11628423BE60055021B /* Sounds.swift in Sources */ = {isa = PBXBuildFile; fileRef = D024F11528423BE60055021B /* Sounds.swift */; };
		D0275F5527E3E21F002FA4FE /* View+OnTapGesture.swift in Sources */ = {isa = PBXBuildFile; fileRef = D0275F5427E3E21F002FA4FE /* View+OnTapGesture.swift */; };
		D032944A283F9D1D0044C70C /* Bundle+VersionBuild.swift in Sources */ = {isa = PBXBuildFile; fileRef = D0329449283F9D1D0044C70C /* Bundle+VersionBuild.swift */; };
		D0396075278CF6550035F750 /* Settings.bundle in Resources */ = {isa = PBXBuildFile; fileRef = D0396074278CF6550035F750 /* Settings.bundle */; };
		D044646527FCE7C100990613 /* UIDevice+IsIPad.swift in Sources */ = {isa = PBXBuildFile; fileRef = D044646427FCE7C100990613 /* UIDevice+IsIPad.swift */; };
		D05E451E27EF2A2C00D31327 /* ReadmeView.swift in Sources */ = {isa = PBXBuildFile; fileRef = D05E451D27EF2A2C00D31327 /* ReadmeView.swift */; };
		D06061E828A0453F00A675A7 /* PrivateMembersURL2.txt in Resources */ = {isa = PBXBuildFile; fileRef = D06061E728A0453F00A675A7 /* PrivateMembersURL2.txt */; };
		D06061EA28A0456C00A675A7 /* PrivateMembersURL3.txt in Resources */ = {isa = PBXBuildFile; fileRef = D06061E928A0456C00A675A7 /* PrivateMembersURL3.txt */; };
		D06061ED28A05D4600A675A7 /* String+paths.swift in Sources */ = {isa = PBXBuildFile; fileRef = D06061EC28A05D4600A675A7 /* String+paths.swift */; };
		D081655B278611150078AB16 /* WebView.swift in Sources */ = {isa = PBXBuildFile; fileRef = D081655A278611150078AB16 /* WebView.swift */; };
		D081655F278616930078AB16 /* SinglePortfolioView.swift in Sources */ = {isa = PBXBuildFile; fileRef = D081655E278616930078AB16 /* SinglePortfolioView.swift */; };
		D08319E7277F70A30049AB84 /* Fotogroep_Waalre_App.swift in Sources */ = {isa = PBXBuildFile; fileRef = D08319E6277F70A30049AB84 /* Fotogroep_Waalre_App.swift */; };
		D08319EB277F70A40049AB84 /* Assets.xcassets in Resources */ = {isa = PBXBuildFile; fileRef = D08319EA277F70A40049AB84 /* Assets.xcassets */; };
		D08319FD277F70A50049AB84 /* Fotogroep_Waalre_2Tests.swift in Sources */ = {isa = PBXBuildFile; fileRef = D08319FC277F70A50049AB84 /* Fotogroep_Waalre_2Tests.swift */; };
		D0831A07277F70A50049AB84 /* Fotogroep_Waalre_2UITests.swift in Sources */ = {isa = PBXBuildFile; fileRef = D0831A06277F70A50049AB84 /* Fotogroep_Waalre_2UITests.swift */; };
		D0831A09277F70A50049AB84 /* Fotogroep_Waalre_2UITestsLaunchTests.swift in Sources */ = {isa = PBXBuildFile; fileRef = D0831A08277F70A50049AB84 /* Fotogroep_Waalre_2UITestsLaunchTests.swift */; };
		D0831A1E277F72270049AB84 /* SettingsView.swift in Sources */ = {isa = PBXBuildFile; fileRef = D0831A19277F72270049AB84 /* SettingsView.swift */; };
		D0831A1F277F72270049AB84 /* FilteredMemberPortfoliosView.swift in Sources */ = {isa = PBXBuildFile; fileRef = D0831A1A277F72270049AB84 /* FilteredMemberPortfoliosView.swift */; };
		D0831A20277F72270049AB84 /* PhotoClubsInnerView.swift in Sources */ = {isa = PBXBuildFile; fileRef = D0831A1B277F72270049AB84 /* PhotoClubsInnerView.swift */; };
		D0831A21277F72270049AB84 /* PhotographersInnerView.swift in Sources */ = {isa = PBXBuildFile; fileRef = D0831A1C277F72270049AB84 /* PhotographersInnerView.swift */; };
		D0831A22277F72270049AB84 /* MemberPortfoliosView.swift in Sources */ = {isa = PBXBuildFile; fileRef = D0831A1D277F72270049AB84 /* MemberPortfoliosView.swift */; };
		D0831A31277F72590049AB84 /* MemberPortfolio.swift in Sources */ = {isa = PBXBuildFile; fileRef = D0831A24277F72590049AB84 /* MemberPortfolio.swift */; };
		D0831A32277F72590049AB84 /* Photographer.swift in Sources */ = {isa = PBXBuildFile; fileRef = D0831A25277F72590049AB84 /* Photographer.swift */; };
		D0831A33277F72590049AB84 /* BIMembersProvider+insertSomeMembers.swift in Sources */ = {isa = PBXBuildFile; fileRef = D0831A27277F72590049AB84 /* BIMembersProvider+insertSomeMembers.swift */; };
		D0831A34277F72590049AB84 /* BIMembersProvider.swift in Sources */ = {isa = PBXBuildFile; fileRef = D0831A28277F72590049AB84 /* BIMembersProvider.swift */; };
		D0831A35277F72590049AB84 /* SettingsStruct.swift in Sources */ = {isa = PBXBuildFile; fileRef = D0831A29277F72590049AB84 /* SettingsStruct.swift */; };
		D0831A36277F72590049AB84 /* FGWMembersProvider+insertSomeMembers.swift in Sources */ = {isa = PBXBuildFile; fileRef = D0831A2B277F72590049AB84 /* FGWMembersProvider+insertSomeMembers.swift */; };
		D0831A37277F72590049AB84 /* FGWMembersProvider.swift in Sources */ = {isa = PBXBuildFile; fileRef = D0831A2C277F72590049AB84 /* FGWMembersProvider.swift */; };
		D0831A38277F72590049AB84 /* PhotoClub.swift in Sources */ = {isa = PBXBuildFile; fileRef = D0831A2D277F72590049AB84 /* PhotoClub.swift */; };
		D0831A3E277F72B70049AB84 /* Fotogroep_Waalre_2.xcdatamodeld in Sources */ = {isa = PBXBuildFile; fileRef = D0831A3C277F72B70049AB84 /* Fotogroep_Waalre_2.xcdatamodeld */; };
		D0831A44277F731C0049AB84 /* Published+UserDefaults.swift in Sources */ = {isa = PBXBuildFile; fileRef = D0831A40277F731C0049AB84 /* Published+UserDefaults.swift */; };
		D0831A45277F731C0049AB84 /* FoundationExtensions.swift in Sources */ = {isa = PBXBuildFile; fileRef = D0831A41277F731C0049AB84 /* FoundationExtensions.swift */; };
		D0831A47277F731C0049AB84 /* PersistenceController.swift in Sources */ = {isa = PBXBuildFile; fileRef = D0831A43277F731C0049AB84 /* PersistenceController.swift */; };
		D0831A51277F73C00049AB84 /* Preview Assets.xcassets in Resources */ = {isa = PBXBuildFile; fileRef = D0831A50277F73C00049AB84 /* Preview Assets.xcassets */; };
		D0831A56277F82460049AB84 /* nl.xcloc in Resources */ = {isa = PBXBuildFile; fileRef = D0831A54277F82460049AB84 /* nl.xcloc */; };
		D0831A57277F82460049AB84 /* en.xcloc in Resources */ = {isa = PBXBuildFile; fileRef = D0831A55277F82460049AB84 /* en.xcloc */; };
		D0A0884B27F8C697002CC8E1 /* TestMembersProvider.swift in Sources */ = {isa = PBXBuildFile; fileRef = D0A0884927F8C697002CC8E1 /* TestMembersProvider.swift */; };
		D0A0884C27F8C697002CC8E1 /* TestMembersProvider+insertSomeMembers.swift in Sources */ = {isa = PBXBuildFile; fileRef = D0A0884A27F8C697002CC8E1 /* TestMembersProvider+insertSomeMembers.swift */; };
		D0ADF4AE27922DCA00535432 /* MemberRolesAndStatus.swift in Sources */ = {isa = PBXBuildFile; fileRef = D0ADF4AD27922DCA00535432 /* MemberRolesAndStatus.swift */; };
		D0AE1B7527889E8600E0100E /* PhotoClubsView.swift in Sources */ = {isa = PBXBuildFile; fileRef = D0AE1B7427889E8600E0100E /* PhotoClubsView.swift */; };
		D0AE1B782788A19500E0100E /* PhotographersView.swift in Sources */ = {isa = PBXBuildFile; fileRef = D0AE1B772788A19500E0100E /* PhotographersView.swift */; };
		D0B52494277F9A4B00927BCA /* Fotogroep-Waalre-InfoPlist.strings in Resources */ = {isa = PBXBuildFile; fileRef = D0B52492277F9A4B00927BCA /* Fotogroep-Waalre-InfoPlist.strings */; };
		D0B52497277F9A4B00927BCA /* Localizable.strings in Resources */ = {isa = PBXBuildFile; fileRef = D0B52495277F9A4B00927BCA /* Localizable.strings */; };
		D0B5249A277F9A4B00927BCA /* MemberListSections.strings in Resources */ = {isa = PBXBuildFile; fileRef = D0B52498277F9A4B00927BCA /* MemberListSections.strings */; };
		D0DE02772789D1B30062738C /* RoleIconView.swift in Sources */ = {isa = PBXBuildFile; fileRef = D0DE02762789D1B30062738C /* RoleIconView.swift */; };
		D0E2235427DE9139002A8600 /* AnimatedLogoView.swift in Sources */ = {isa = PBXBuildFile; fileRef = D0E2235327DE9139002A8600 /* AnimatedLogoView.swift */; };
		D0E449A327AECEC4003FDA37 /* ShapeStyle+Colors.swift in Sources */ = {isa = PBXBuildFile; fileRef = D0E449A227AECEC4003FDA37 /* ShapeStyle+Colors.swift */; };
		D0E694C927EF9B450054D634 /* LockAnimationView.swift in Sources */ = {isa = PBXBuildFile; fileRef = D0E694C827EF9B450054D634 /* LockAnimationView.swift */; };
		D0FF1F6C28822072007401E9 /* portfolios.png in Resources */ = {isa = PBXBuildFile; fileRef = D0FF1F6B28822072007401E9 /* portfolios.png */; };
/* End PBXBuildFile section */

/* Begin PBXContainerItemProxy section */
		D08319F9277F70A50049AB84 /* PBXContainerItemProxy */ = {
			isa = PBXContainerItemProxy;
			containerPortal = D08319DB277F70A30049AB84 /* Project object */;
			proxyType = 1;
			remoteGlobalIDString = D08319E2277F70A30049AB84;
			remoteInfo = "Fotogroep Waalre 2";
		};
		D0831A03277F70A50049AB84 /* PBXContainerItemProxy */ = {
			isa = PBXContainerItemProxy;
			containerPortal = D08319DB277F70A30049AB84 /* Project object */;
			proxyType = 1;
			remoteGlobalIDString = D08319E2277F70A30049AB84;
			remoteInfo = "Fotogroep Waalre 2";
		};
/* End PBXContainerItemProxy section */

/* Begin PBXFileReference section */
		D007030F279A23A600DC33AA /* Fotogroep_Waalre_2_0_ 3.xcdatamodel */ = {isa = PBXFileReference; lastKnownFileType = wrapper.xcdatamodel; path = "Fotogroep_Waalre_2_0_ 3.xcdatamodel"; sourceTree = "<group>"; };
		D008D2A928739167007A7BE2 /* .gitignore */ = {isa = PBXFileReference; fileEncoding = 4; lastKnownFileType = text; path = .gitignore; sourceTree = "<group>"; };
		D01526BC278B91BA004DBD19 /* Fotogroep Waalre.entitlements */ = {isa = PBXFileReference; lastKnownFileType = text.plist.entitlements; path = "Fotogroep Waalre.entitlements"; sourceTree = "<group>"; };
		D01D2B6127D3BBDC00E2FE41 /* View+Navigate.swift */ = {isa = PBXFileReference; lastKnownFileType = sourcecode.swift; path = "View+Navigate.swift"; sourceTree = "<group>"; };
		D01DFAA627E778BD007BABFA /* offsets.md */ = {isa = PBXFileReference; lastKnownFileType = net.daringfireball.markdown; path = offsets.md; sourceTree = "<group>"; };
		D02382B6279322B0001BFE59 /* DeviceOwnership.swift */ = {isa = PBXFileReference; lastKnownFileType = sourcecode.swift; path = DeviceOwnership.swift; sourceTree = "<group>"; };
		D024F11528423BE60055021B /* Sounds.swift */ = {isa = PBXFileReference; lastKnownFileType = sourcecode.swift; path = Sounds.swift; sourceTree = "<group>"; };
		D0275F5427E3E21F002FA4FE /* View+OnTapGesture.swift */ = {isa = PBXFileReference; lastKnownFileType = sourcecode.swift; path = "View+OnTapGesture.swift"; sourceTree = "<group>"; };
		D02A71332829C56F0071EF74 /* Fotogroep_Waalre_2_0_9.xcdatamodel */ = {isa = PBXFileReference; lastKnownFileType = wrapper.xcdatamodel; path = Fotogroep_Waalre_2_0_9.xcdatamodel; sourceTree = "<group>"; };
		D02AB3EF28A702800021BF41 /* LICENSE.md */ = {isa = PBXFileReference; lastKnownFileType = net.daringfireball.markdown; path = LICENSE.md; sourceTree = "<group>"; };
		D02C35F12880C3D6008C671A /* README.md */ = {isa = PBXFileReference; fileEncoding = 4; lastKnownFileType = net.daringfireball.markdown; path = README.md; sourceTree = "<group>"; };
		D02E4C8D281F41AF005C32D0 /* Fotogroep_Waalre_2_0_8.xcdatamodel */ = {isa = PBXFileReference; lastKnownFileType = wrapper.xcdatamodel; path = Fotogroep_Waalre_2_0_8.xcdatamodel; sourceTree = "<group>"; };
		D0329449283F9D1D0044C70C /* Bundle+VersionBuild.swift */ = {isa = PBXFileReference; lastKnownFileType = sourcecode.swift; path = "Bundle+VersionBuild.swift"; sourceTree = "<group>"; };
		D0333C7C27F88BAC00AF651E /* Fotogroep_Waalre_2_0_7.xcdatamodel */ = {isa = PBXFileReference; lastKnownFileType = wrapper.xcdatamodel; path = Fotogroep_Waalre_2_0_7.xcdatamodel; sourceTree = "<group>"; };
		D0396074278CF6550035F750 /* Settings.bundle */ = {isa = PBXFileReference; lastKnownFileType = "wrapper.plug-in"; path = Settings.bundle; sourceTree = "<group>"; };
		D044646427FCE7C100990613 /* UIDevice+IsIPad.swift */ = {isa = PBXFileReference; lastKnownFileType = sourcecode.swift; path = "UIDevice+IsIPad.swift"; sourceTree = "<group>"; };
		D04CCDCE28CE908300B689A4 /* LatestImage.swift */ = {isa = PBXFileReference; lastKnownFileType = sourcecode.swift; path = LatestImage.swift; sourceTree = "<group>"; };
		D05E451D27EF2A2C00D31327 /* ReadmeView.swift */ = {isa = PBXFileReference; lastKnownFileType = sourcecode.swift; path = ReadmeView.swift; sourceTree = "<group>"; };
		D06061E728A0453F00A675A7 /* PrivateMembersURL2.txt */ = {isa = PBXFileReference; lastKnownFileType = text; path = PrivateMembersURL2.txt; sourceTree = "<group>"; };
		D06061E928A0456C00A675A7 /* PrivateMembersURL3.txt */ = {isa = PBXFileReference; lastKnownFileType = text; path = PrivateMembersURL3.txt; sourceTree = "<group>"; };
		D06061EC28A05D4600A675A7 /* String+paths.swift */ = {isa = PBXFileReference; fileEncoding = 4; lastKnownFileType = sourcecode.swift; path = "String+paths.swift"; sourceTree = "<group>"; };
		D06770F928CE445E00832079 /* Fotogroep_Waalre_2_2_0.xcdatamodel */ = {isa = PBXFileReference; lastKnownFileType = wrapper.xcdatamodel; path = Fotogroep_Waalre_2_2_0.xcdatamodel; sourceTree = "<group>"; };
		D077EBB52846D134002811F9 /* Fotogroep_Waalre_2_0_11.xcdatamodel */ = {isa = PBXFileReference; lastKnownFileType = wrapper.xcdatamodel; path = Fotogroep_Waalre_2_0_11.xcdatamodel; sourceTree = "<group>"; };
		D07A1E2E28314EA600C77F66 /* SwiftUIEnvironmentValues.png */ = {isa = PBXFileReference; lastKnownFileType = image.png; path = SwiftUIEnvironmentValues.png; sourceTree = "<group>"; };
		D07DD91327EA96E900472266 /* Fotogroep_Waalre_2_0_5.xcdatamodel */ = {isa = PBXFileReference; lastKnownFileType = wrapper.xcdatamodel; path = Fotogroep_Waalre_2_0_5.xcdatamodel; sourceTree = "<group>"; };
		D081655A278611150078AB16 /* WebView.swift */ = {isa = PBXFileReference; fileEncoding = 4; lastKnownFileType = sourcecode.swift; path = WebView.swift; sourceTree = "<group>"; };
		D081655E278616930078AB16 /* SinglePortfolioView.swift */ = {isa = PBXFileReference; fileEncoding = 4; lastKnownFileType = sourcecode.swift; path = SinglePortfolioView.swift; sourceTree = "<group>"; };
		D08267C6277FA2E200598C24 /* en */ = {isa = PBXFileReference; lastKnownFileType = text.plist.strings; name = en; path = "en.lproj/Fotogroep-Waalre-InfoPlist.strings"; sourceTree = "<group>"; };
		D083093D283C41630072D268 /* Fotogroep_Waalre_2_1_0.xcdatamodel */ = {isa = PBXFileReference; lastKnownFileType = wrapper.xcdatamodel; path = Fotogroep_Waalre_2_1_0.xcdatamodel; sourceTree = "<group>"; };
		D08319E3277F70A30049AB84 /* Fotogroep Waalre.app */ = {isa = PBXFileReference; explicitFileType = wrapper.application; includeInIndex = 0; path = "Fotogroep Waalre.app"; sourceTree = BUILT_PRODUCTS_DIR; };
		D08319E6277F70A30049AB84 /* Fotogroep_Waalre_App.swift */ = {isa = PBXFileReference; lastKnownFileType = sourcecode.swift; path = Fotogroep_Waalre_App.swift; sourceTree = "<group>"; };
		D08319EA277F70A40049AB84 /* Assets.xcassets */ = {isa = PBXFileReference; lastKnownFileType = folder.assetcatalog; path = Assets.xcassets; sourceTree = "<group>"; };
		D08319F8277F70A50049AB84 /* Fotogroep WaalreTests.xctest */ = {isa = PBXFileReference; explicitFileType = wrapper.cfbundle; includeInIndex = 0; path = "Fotogroep WaalreTests.xctest"; sourceTree = BUILT_PRODUCTS_DIR; };
		D08319FC277F70A50049AB84 /* Fotogroep_Waalre_2Tests.swift */ = {isa = PBXFileReference; lastKnownFileType = sourcecode.swift; path = Fotogroep_Waalre_2Tests.swift; sourceTree = "<group>"; };
		D0831A02277F70A50049AB84 /* Fotogroep WaalreUITests.xctest */ = {isa = PBXFileReference; explicitFileType = wrapper.cfbundle; includeInIndex = 0; path = "Fotogroep WaalreUITests.xctest"; sourceTree = BUILT_PRODUCTS_DIR; };
		D0831A06277F70A50049AB84 /* Fotogroep_Waalre_2UITests.swift */ = {isa = PBXFileReference; lastKnownFileType = sourcecode.swift; path = Fotogroep_Waalre_2UITests.swift; sourceTree = "<group>"; };
		D0831A08277F70A50049AB84 /* Fotogroep_Waalre_2UITestsLaunchTests.swift */ = {isa = PBXFileReference; lastKnownFileType = sourcecode.swift; path = Fotogroep_Waalre_2UITestsLaunchTests.swift; sourceTree = "<group>"; };
		D0831A17277F71340049AB84 /* Fotogroep-Waalre-Info.plist */ = {isa = PBXFileReference; lastKnownFileType = text.plist.xml; path = "Fotogroep-Waalre-Info.plist"; sourceTree = SOURCE_ROOT; };
		D0831A19277F72270049AB84 /* SettingsView.swift */ = {isa = PBXFileReference; fileEncoding = 4; lastKnownFileType = sourcecode.swift; path = SettingsView.swift; sourceTree = "<group>"; };
		D0831A1A277F72270049AB84 /* FilteredMemberPortfoliosView.swift */ = {isa = PBXFileReference; fileEncoding = 4; lastKnownFileType = sourcecode.swift; path = FilteredMemberPortfoliosView.swift; sourceTree = "<group>"; };
		D0831A1B277F72270049AB84 /* PhotoClubsInnerView.swift */ = {isa = PBXFileReference; fileEncoding = 4; lastKnownFileType = sourcecode.swift; path = PhotoClubsInnerView.swift; sourceTree = "<group>"; };
		D0831A1C277F72270049AB84 /* PhotographersInnerView.swift */ = {isa = PBXFileReference; fileEncoding = 4; lastKnownFileType = sourcecode.swift; path = PhotographersInnerView.swift; sourceTree = "<group>"; };
		D0831A1D277F72270049AB84 /* MemberPortfoliosView.swift */ = {isa = PBXFileReference; fileEncoding = 4; lastKnownFileType = sourcecode.swift; path = MemberPortfoliosView.swift; sourceTree = "<group>"; };
		D0831A24277F72590049AB84 /* MemberPortfolio.swift */ = {isa = PBXFileReference; fileEncoding = 4; lastKnownFileType = sourcecode.swift; path = MemberPortfolio.swift; sourceTree = "<group>"; };
		D0831A25277F72590049AB84 /* Photographer.swift */ = {isa = PBXFileReference; fileEncoding = 4; lastKnownFileType = sourcecode.swift; path = Photographer.swift; sourceTree = "<group>"; };
		D0831A27277F72590049AB84 /* BIMembersProvider+insertSomeMembers.swift */ = {isa = PBXFileReference; fileEncoding = 4; lastKnownFileType = sourcecode.swift; path = "BIMembersProvider+insertSomeMembers.swift"; sourceTree = "<group>"; };
		D0831A28277F72590049AB84 /* BIMembersProvider.swift */ = {isa = PBXFileReference; fileEncoding = 4; lastKnownFileType = sourcecode.swift; path = BIMembersProvider.swift; sourceTree = "<group>"; };
		D0831A29277F72590049AB84 /* SettingsStruct.swift */ = {isa = PBXFileReference; fileEncoding = 4; lastKnownFileType = sourcecode.swift; path = SettingsStruct.swift; sourceTree = "<group>"; };
		D0831A2B277F72590049AB84 /* FGWMembersProvider+insertSomeMembers.swift */ = {isa = PBXFileReference; fileEncoding = 4; lastKnownFileType = sourcecode.swift; path = "FGWMembersProvider+insertSomeMembers.swift"; sourceTree = "<group>"; };
		D0831A2C277F72590049AB84 /* FGWMembersProvider.swift */ = {isa = PBXFileReference; fileEncoding = 4; lastKnownFileType = sourcecode.swift; path = FGWMembersProvider.swift; sourceTree = "<group>"; };
		D0831A2D277F72590049AB84 /* PhotoClub.swift */ = {isa = PBXFileReference; fileEncoding = 4; lastKnownFileType = sourcecode.swift; path = PhotoClub.swift; sourceTree = "<group>"; };
		D0831A3D277F72B70049AB84 /* Fotogroep_Waalre.xcdatamodel */ = {isa = PBXFileReference; lastKnownFileType = wrapper.xcdatamodel; path = Fotogroep_Waalre.xcdatamodel; sourceTree = "<group>"; };
		D0831A40277F731C0049AB84 /* Published+UserDefaults.swift */ = {isa = PBXFileReference; fileEncoding = 4; lastKnownFileType = sourcecode.swift; path = "Published+UserDefaults.swift"; sourceTree = "<group>"; };
		D0831A41277F731C0049AB84 /* FoundationExtensions.swift */ = {isa = PBXFileReference; fileEncoding = 4; lastKnownFileType = sourcecode.swift; path = FoundationExtensions.swift; sourceTree = "<group>"; };
		D0831A43277F731C0049AB84 /* PersistenceController.swift */ = {isa = PBXFileReference; fileEncoding = 4; lastKnownFileType = sourcecode.swift; path = PersistenceController.swift; sourceTree = "<group>"; };
		D0831A49277F736C0049AB84 /* Version2Changes.md */ = {isa = PBXFileReference; fileEncoding = 4; lastKnownFileType = net.daringfireball.markdown; path = Version2Changes.md; sourceTree = "<group>"; };
		D0831A4A277F736C0049AB84 /* FotogroepWaalre.xlsx */ = {isa = PBXFileReference; lastKnownFileType = file; path = FotogroepWaalre.xlsx; sourceTree = "<group>"; };
		D0831A4B277F736C0049AB84 /* WhatsNew */ = {isa = PBXFileReference; fileEncoding = 4; lastKnownFileType = text; path = WhatsNew; sourceTree = "<group>"; };
		D0831A50277F73C00049AB84 /* Preview Assets.xcassets */ = {isa = PBXFileReference; lastKnownFileType = folder.assetcatalog; path = "Preview Assets.xcassets"; sourceTree = "<group>"; };
		D0831A54277F82460049AB84 /* nl.xcloc */ = {isa = PBXFileReference; lastKnownFileType = wrapper; path = nl.xcloc; sourceTree = "<group>"; };
		D0831A55277F82460049AB84 /* en.xcloc */ = {isa = PBXFileReference; lastKnownFileType = wrapper; path = en.xcloc; sourceTree = "<group>"; };
		D09D543428C4BD8300DC37C9 /* Fotogroep_Waalre_2_1_1.xcdatamodel */ = {isa = PBXFileReference; lastKnownFileType = wrapper.xcdatamodel; path = Fotogroep_Waalre_2_1_1.xcdatamodel; sourceTree = "<group>"; };
		D0A0884927F8C697002CC8E1 /* TestMembersProvider.swift */ = {isa = PBXFileReference; fileEncoding = 4; lastKnownFileType = sourcecode.swift; path = TestMembersProvider.swift; sourceTree = "<group>"; };
		D0A0884A27F8C697002CC8E1 /* TestMembersProvider+insertSomeMembers.swift */ = {isa = PBXFileReference; fileEncoding = 4; lastKnownFileType = sourcecode.swift; path = "TestMembersProvider+insertSomeMembers.swift"; sourceTree = "<group>"; };
		D0ADF4AD27922DCA00535432 /* MemberRolesAndStatus.swift */ = {isa = PBXFileReference; lastKnownFileType = sourcecode.swift; path = MemberRolesAndStatus.swift; sourceTree = "<group>"; };
		D0AE1B7427889E8600E0100E /* PhotoClubsView.swift */ = {isa = PBXFileReference; lastKnownFileType = sourcecode.swift; path = PhotoClubsView.swift; sourceTree = "<group>"; };
		D0AE1B772788A19500E0100E /* PhotographersView.swift */ = {isa = PBXFileReference; lastKnownFileType = sourcecode.swift; path = PhotographersView.swift; sourceTree = "<group>"; };
		D0B1EDBA279771A500D37431 /* Fotogroep_Waalre_2_0_2.xcdatamodel */ = {isa = PBXFileReference; lastKnownFileType = wrapper.xcdatamodel; path = Fotogroep_Waalre_2_0_2.xcdatamodel; sourceTree = "<group>"; };
		D0B52493277F9A4B00927BCA /* nl */ = {isa = PBXFileReference; lastKnownFileType = text.plist.strings; name = nl; path = "nl.lproj/Fotogroep-Waalre-InfoPlist.strings"; sourceTree = "<group>"; };
		D0B52496277F9A4B00927BCA /* nl */ = {isa = PBXFileReference; lastKnownFileType = text.plist.strings; name = nl; path = nl.lproj/Localizable.strings; sourceTree = "<group>"; };
		D0B52499277F9A4B00927BCA /* nl */ = {isa = PBXFileReference; lastKnownFileType = text.plist.strings; name = nl; path = nl.lproj/MemberListSections.strings; sourceTree = "<group>"; };
		D0C6E10B282B18B700388A33 /* Readme FotogroepWaalre App EN.docx */ = {isa = PBXFileReference; lastKnownFileType = file; path = "Readme FotogroepWaalre App EN.docx"; sourceTree = "<group>"; };
		D0CB581228149D18005D496F /* en */ = {isa = PBXFileReference; lastKnownFileType = text.plist.strings; name = en; path = en.lproj/Localizable.strings; sourceTree = "<group>"; };
		D0DE02762789D1B30062738C /* RoleIconView.swift */ = {isa = PBXFileReference; lastKnownFileType = sourcecode.swift; path = RoleIconView.swift; sourceTree = "<group>"; };
		D0E2235327DE9139002A8600 /* AnimatedLogoView.swift */ = {isa = PBXFileReference; fileEncoding = 4; lastKnownFileType = sourcecode.swift; path = AnimatedLogoView.swift; sourceTree = "<group>"; };
		D0E2235627DE9D0F002A8600 /* Fotogroep_Waalre_2_0_4.xcdatamodel */ = {isa = PBXFileReference; lastKnownFileType = wrapper.xcdatamodel; path = Fotogroep_Waalre_2_0_4.xcdatamodel; sourceTree = "<group>"; };
		D0E449A227AECEC4003FDA37 /* ShapeStyle+Colors.swift */ = {isa = PBXFileReference; lastKnownFileType = sourcecode.swift; name = "ShapeStyle+Colors.swift"; path = "Fotogroep Waalre/Utilities/ShapeStyle+Colors.swift"; sourceTree = SOURCE_ROOT; };
		D0E694C827EF9B450054D634 /* LockAnimationView.swift */ = {isa = PBXFileReference; fileEncoding = 4; lastKnownFileType = sourcecode.swift; path = LockAnimationView.swift; sourceTree = "<group>"; };
		D0FDC51827F6653D008CD990 /* Fotogroep_Waalre_2_0_6.xcdatamodel */ = {isa = PBXFileReference; lastKnownFileType = wrapper.xcdatamodel; path = Fotogroep_Waalre_2_0_6.xcdatamodel; sourceTree = "<group>"; };
		D0FF1F6B28822072007401E9 /* portfolios.png */ = {isa = PBXFileReference; lastKnownFileType = image.png; path = portfolios.png; sourceTree = "<group>"; };
/* End PBXFileReference section */

/* Begin PBXFrameworksBuildPhase section */
		D08319E0277F70A30049AB84 /* Frameworks */ = {
			isa = PBXFrameworksBuildPhase;
			buildActionMask = 2147483647;
			files = (
			);
			runOnlyForDeploymentPostprocessing = 0;
		};
		D08319F5277F70A50049AB84 /* Frameworks */ = {
			isa = PBXFrameworksBuildPhase;
			buildActionMask = 2147483647;
			files = (
			);
			runOnlyForDeploymentPostprocessing = 0;
		};
		D08319FF277F70A50049AB84 /* Frameworks */ = {
			isa = PBXFrameworksBuildPhase;
			buildActionMask = 2147483647;
			files = (
			);
			runOnlyForDeploymentPostprocessing = 0;
		};
/* End PBXFrameworksBuildPhase section */

/* Begin PBXGroup section */
		D05E451B27EF286B00D31327 /* SettingsView */ = {
			isa = PBXGroup;
			children = (
				D0831A19277F72270049AB84 /* SettingsView.swift */,
				D0DE02762789D1B30062738C /* RoleIconView.swift */,
			);
			path = SettingsView;
			sourceTree = "<group>";
		};
		D05E451C27EF297100D31327 /* ReadmeView */ = {
			isa = PBXGroup;
			children = (
				D05E451D27EF2A2C00D31327 /* ReadmeView.swift */,
			);
			path = ReadmeView;
			sourceTree = "<group>";
		};
		D081655C278612470078AB16 /* MemberPortfoliosView */ = {
			isa = PBXGroup;
			children = (
				D0831A1D277F72270049AB84 /* MemberPortfoliosView.swift */,
				D0831A1A277F72270049AB84 /* FilteredMemberPortfoliosView.swift */,
			);
			path = MemberPortfoliosView;
			sourceTree = "<group>";
		};
		D081655D278616710078AB16 /* SinglePortFolioView */ = {
			isa = PBXGroup;
			children = (
				D081655E278616930078AB16 /* SinglePortfolioView.swift */,
				D081655A278611150078AB16 /* WebView.swift */,
			);
			path = SinglePortFolioView;
			sourceTree = "<group>";
		};
		D08319DA277F70A30049AB84 = {
			isa = PBXGroup;
			children = (
				D08319E5277F70A30049AB84 /* Fotogroep Waalre */,
				D0831A17277F71340049AB84 /* Fotogroep-Waalre-Info.plist */,
				D0B52498277F9A4B00927BCA /* MemberListSections.strings */,
				D0B52495277F9A4B00927BCA /* Localizable.strings */,
				D0B52492277F9A4B00927BCA /* Fotogroep-Waalre-InfoPlist.strings */,
				D08319EA277F70A40049AB84 /* Assets.xcassets */,
				D008D2A928739167007A7BE2 /* .gitignore */,
				D0F2F2F22873A19F009DDD2A /* .github */,
				D0831A53277F82460049AB84 /* Fotogroep Waalre Localizations */,
				D0831A05277F70A50049AB84 /* Fotogroep Waalre UITests */,
				D08319FB277F70A50049AB84 /* Fotogroep Waalre Tests */,
				D0396074278CF6550035F750 /* Settings.bundle */,
				D08319E4277F70A30049AB84 /* Products */,
			);
			sourceTree = "<group>";
		};
		D08319E4277F70A30049AB84 /* Products */ = {
			isa = PBXGroup;
			children = (
				D08319E3277F70A30049AB84 /* Fotogroep Waalre.app */,
				D08319F8277F70A50049AB84 /* Fotogroep WaalreTests.xctest */,
				D0831A02277F70A50049AB84 /* Fotogroep WaalreUITests.xctest */,
			);
			name = Products;
			sourceTree = "<group>";
		};
		D08319E5277F70A30049AB84 /* Fotogroep Waalre */ = {
			isa = PBXGroup;
			children = (
				D01526BC278B91BA004DBD19 /* Fotogroep Waalre.entitlements */,
				D08319E6277F70A30049AB84 /* Fotogroep_Waalre_App.swift */,
				D0831A18277F72110049AB84 /* View */,
				D0831A23277F72340049AB84 /* ViewModel */,
				D0831A3B277F727E0049AB84 /* Model */,
				D0831A3F277F731C0049AB84 /* Utilities */,
				D0831A48277F736C0049AB84 /* Documentation */,
				D0831A4F277F73C00049AB84 /* Preview Content */,
			);
			path = "Fotogroep Waalre";
			sourceTree = "<group>";
		};
		D08319FB277F70A50049AB84 /* Fotogroep Waalre Tests */ = {
			isa = PBXGroup;
			children = (
				D08319FC277F70A50049AB84 /* Fotogroep_Waalre_2Tests.swift */,
			);
			path = "Fotogroep Waalre Tests";
			sourceTree = "<group>";
		};
		D0831A05277F70A50049AB84 /* Fotogroep Waalre UITests */ = {
			isa = PBXGroup;
			children = (
				D0831A06277F70A50049AB84 /* Fotogroep_Waalre_2UITests.swift */,
				D0831A08277F70A50049AB84 /* Fotogroep_Waalre_2UITestsLaunchTests.swift */,
			);
			path = "Fotogroep Waalre UITests";
			sourceTree = "<group>";
		};
		D0831A18277F72110049AB84 /* View */ = {
			isa = PBXGroup;
			children = (
				D0E2235227DE9139002A8600 /* AnimatedLogoView */,
				D081655C278612470078AB16 /* MemberPortfoliosView */,
				D0AE1B7327889D6700E0100E /* PhotoClubsView */,
				D0AE1B762788A14500E0100E /* PhotographersView */,
				D081655D278616710078AB16 /* SinglePortFolioView */,
				D05E451B27EF286B00D31327 /* SettingsView */,
				D05E451C27EF297100D31327 /* ReadmeView */,
			);
			path = View;
			sourceTree = "<group>";
		};
		D0831A23277F72340049AB84 /* ViewModel */ = {
			isa = PBXGroup;
			children = (
				D0831A2A277F72590049AB84 /* FotogroepWaalre */,
				D0831A26277F72590049AB84 /* BellusImago */,
				D0A0884827F8C697002CC8E1 /* TestClub */,
				D0831A24277F72590049AB84 /* MemberPortfolio.swift */,
				D04CCDCE28CE908300B689A4 /* LatestImage.swift */,
				D0831A2D277F72590049AB84 /* PhotoClub.swift */,
				D0831A25277F72590049AB84 /* Photographer.swift */,
				D0831A29277F72590049AB84 /* SettingsStruct.swift */,
				D0ADF4AD27922DCA00535432 /* MemberRolesAndStatus.swift */,
			);
			path = ViewModel;
			sourceTree = "<group>";
		};
		D0831A26277F72590049AB84 /* BellusImago */ = {
			isa = PBXGroup;
			children = (
				D0831A27277F72590049AB84 /* BIMembersProvider+insertSomeMembers.swift */,
				D0831A28277F72590049AB84 /* BIMembersProvider.swift */,
			);
			path = BellusImago;
			sourceTree = "<group>";
		};
		D0831A2A277F72590049AB84 /* FotogroepWaalre */ = {
			isa = PBXGroup;
			children = (
				D0831A2C277F72590049AB84 /* FGWMembersProvider.swift */,
				D0831A2B277F72590049AB84 /* FGWMembersProvider+insertSomeMembers.swift */,
				D06061E728A0453F00A675A7 /* PrivateMembersURL2.txt */,
				D06061E928A0456C00A675A7 /* PrivateMembersURL3.txt */,
			);
			path = FotogroepWaalre;
			sourceTree = "<group>";
		};
		D0831A3B277F727E0049AB84 /* Model */ = {
			isa = PBXGroup;
			children = (
				D0831A3C277F72B70049AB84 /* Fotogroep_Waalre_2.xcdatamodeld */,
			);
			path = Model;
			sourceTree = "<group>";
		};
		D0831A3F277F731C0049AB84 /* Utilities */ = {
			isa = PBXGroup;
			children = (
				D06061EC28A05D4600A675A7 /* String+paths.swift */,
				D044646427FCE7C100990613 /* UIDevice+IsIPad.swift */,
				D0275F5427E3E21F002FA4FE /* View+OnTapGesture.swift */,
				D0831A40277F731C0049AB84 /* Published+UserDefaults.swift */,
				D0831A41277F731C0049AB84 /* FoundationExtensions.swift */,
				D0831A43277F731C0049AB84 /* PersistenceController.swift */,
				D02382B6279322B0001BFE59 /* DeviceOwnership.swift */,
				D0E449A227AECEC4003FDA37 /* ShapeStyle+Colors.swift */,
				D01D2B6127D3BBDC00E2FE41 /* View+Navigate.swift */,
				D0329449283F9D1D0044C70C /* Bundle+VersionBuild.swift */,
				D024F11528423BE60055021B /* Sounds.swift */,
			);
			path = Utilities;
			sourceTree = "<group>";
		};
		D0831A48277F736C0049AB84 /* Documentation */ = {
			isa = PBXGroup;
			children = (
				D0831A4B277F736C0049AB84 /* WhatsNew */,
				D0831A49277F736C0049AB84 /* Version2Changes.md */,
				D0C6E10B282B18B700388A33 /* Readme FotogroepWaalre App EN.docx */,
				D0831A4A277F736C0049AB84 /* FotogroepWaalre.xlsx */,
				D07A1E2E28314EA600C77F66 /* SwiftUIEnvironmentValues.png */,
				D01DFAA627E778BD007BABFA /* offsets.md */,
			);
			path = Documentation;
			sourceTree = "<group>";
		};
		D0831A4F277F73C00049AB84 /* Preview Content */ = {
			isa = PBXGroup;
			children = (
				D0831A50277F73C00049AB84 /* Preview Assets.xcassets */,
			);
			path = "Preview Content";
			sourceTree = "<group>";
		};
		D0831A53277F82460049AB84 /* Fotogroep Waalre Localizations */ = {
			isa = PBXGroup;
			children = (
				D0831A54277F82460049AB84 /* nl.xcloc */,
				D0831A55277F82460049AB84 /* en.xcloc */,
			);
			path = "Fotogroep Waalre Localizations";
			sourceTree = "<group>";
		};
		D0A0884827F8C697002CC8E1 /* TestClub */ = {
			isa = PBXGroup;
			children = (
				D0A0884927F8C697002CC8E1 /* TestMembersProvider.swift */,
				D0A0884A27F8C697002CC8E1 /* TestMembersProvider+insertSomeMembers.swift */,
			);
			path = TestClub;
			sourceTree = "<group>";
		};
		D0AE1B7327889D6700E0100E /* PhotoClubsView */ = {
			isa = PBXGroup;
			children = (
				D0AE1B7427889E8600E0100E /* PhotoClubsView.swift */,
				D0831A1B277F72270049AB84 /* PhotoClubsInnerView.swift */,
				D0E694C827EF9B450054D634 /* LockAnimationView.swift */,
			);
			path = PhotoClubsView;
			sourceTree = "<group>";
		};
		D0AE1B762788A14500E0100E /* PhotographersView */ = {
			isa = PBXGroup;
			children = (
				D0AE1B772788A19500E0100E /* PhotographersView.swift */,
				D0831A1C277F72270049AB84 /* PhotographersInnerView.swift */,
			);
			path = PhotographersView;
			sourceTree = "<group>";
		};
		D0E2235227DE9139002A8600 /* AnimatedLogoView */ = {
			isa = PBXGroup;
			children = (
				D0E2235327DE9139002A8600 /* AnimatedLogoView.swift */,
			);
			path = AnimatedLogoView;
			sourceTree = "<group>";
		};
		D0F2F2F22873A19F009DDD2A /* .github */ = {
			isa = PBXGroup;
			children = (
				D02C35F12880C3D6008C671A /* README.md */,
				D02AB3EF28A702800021BF41 /* LICENSE.md */,
				D0F2F2F32873A19F009DDD2A /* images */,
			);
			path = .github;
			sourceTree = "<group>";
		};
		D0F2F2F32873A19F009DDD2A /* images */ = {
			isa = PBXGroup;
			children = (
				D0FF1F6B28822072007401E9 /* portfolios.png */,
			);
			path = images;
			sourceTree = "<group>";
		};
/* End PBXGroup section */

/* Begin PBXNativeTarget section */
		D08319E2277F70A30049AB84 /* Fotogroep Waalre */ = {
			isa = PBXNativeTarget;
			buildConfigurationList = D0831A0C277F70A50049AB84 /* Build configuration list for PBXNativeTarget "Fotogroep Waalre" */;
			buildPhases = (
				D08319DF277F70A30049AB84 /* Sources */,
				D08319E0277F70A30049AB84 /* Frameworks */,
				D08319E1277F70A30049AB84 /* Resources */,
				D0831A15277F70D80049AB84 /* Run SwiftLint script */,
				D003AA7F278F896B001D57B7 /* Run IncrementBuildNumber script */,
				D05FCD28278E4573008F41D0 /* Run UpdateVersionInSettingsBundle script */,
			);
			buildRules = (
			);
			dependencies = (
			);
			name = "Fotogroep Waalre";
			productName = "Fotogroep Waalre 2";
			productReference = D08319E3277F70A30049AB84 /* Fotogroep Waalre.app */;
			productType = "com.apple.product-type.application";
		};
		D08319F7277F70A50049AB84 /* Fotogroep WaalreTests */ = {
			isa = PBXNativeTarget;
			buildConfigurationList = D0831A0F277F70A50049AB84 /* Build configuration list for PBXNativeTarget "Fotogroep WaalreTests" */;
			buildPhases = (
				D08319F4277F70A50049AB84 /* Sources */,
				D08319F5277F70A50049AB84 /* Frameworks */,
				D08319F6277F70A50049AB84 /* Resources */,
			);
			buildRules = (
			);
			dependencies = (
				D08319FA277F70A50049AB84 /* PBXTargetDependency */,
			);
			name = "Fotogroep WaalreTests";
			productName = "Fotogroep Waalre 2Tests";
			productReference = D08319F8277F70A50049AB84 /* Fotogroep WaalreTests.xctest */;
			productType = "com.apple.product-type.bundle.unit-test";
		};
		D0831A01277F70A50049AB84 /* Fotogroep WaalreUITests */ = {
			isa = PBXNativeTarget;
			buildConfigurationList = D0831A12277F70A50049AB84 /* Build configuration list for PBXNativeTarget "Fotogroep WaalreUITests" */;
			buildPhases = (
				D08319FE277F70A50049AB84 /* Sources */,
				D08319FF277F70A50049AB84 /* Frameworks */,
				D0831A00277F70A50049AB84 /* Resources */,
			);
			buildRules = (
			);
			dependencies = (
				D0831A04277F70A50049AB84 /* PBXTargetDependency */,
			);
			name = "Fotogroep WaalreUITests";
			productName = "Fotogroep Waalre 2UITests";
			productReference = D0831A02277F70A50049AB84 /* Fotogroep WaalreUITests.xctest */;
			productType = "com.apple.product-type.bundle.ui-testing";
		};
/* End PBXNativeTarget section */

/* Begin PBXProject section */
		D08319DB277F70A30049AB84 /* Project object */ = {
			isa = PBXProject;
			attributes = {
				BuildIndependentTargetsInParallel = 1;
				LastSwiftUpdateCheck = 1320;
				LastUpgradeCheck = 1400;
				TargetAttributes = {
					D08319E2277F70A30049AB84 = {
						CreatedOnToolsVersion = 13.2.1;
					};
					D08319F7277F70A50049AB84 = {
						CreatedOnToolsVersion = 13.2.1;
						TestTargetID = D08319E2277F70A30049AB84;
					};
					D0831A01277F70A50049AB84 = {
						CreatedOnToolsVersion = 13.2.1;
						TestTargetID = D08319E2277F70A30049AB84;
					};
				};
			};
			buildConfigurationList = D08319DE277F70A30049AB84 /* Build configuration list for PBXProject "Fotogroep Waalre" */;
			compatibilityVersion = "Xcode 13.0";
			developmentRegion = en;
			hasScannedForEncodings = 0;
			knownRegions = (
				en,
				nl,
				Base,
			);
			mainGroup = D08319DA277F70A30049AB84;
			productRefGroup = D08319E4277F70A30049AB84 /* Products */;
			projectDirPath = "";
			projectRoot = "";
			targets = (
				D08319E2277F70A30049AB84 /* Fotogroep Waalre */,
				D08319F7277F70A50049AB84 /* Fotogroep WaalreTests */,
				D0831A01277F70A50049AB84 /* Fotogroep WaalreUITests */,
			);
		};
/* End PBXProject section */

/* Begin PBXResourcesBuildPhase section */
		D08319E1277F70A30049AB84 /* Resources */ = {
			isa = PBXResourcesBuildPhase;
			buildActionMask = 2147483647;
			files = (
				D008D2AA28739167007A7BE2 /* .gitignore in Resources */,
				D0396075278CF6550035F750 /* Settings.bundle in Resources */,
				D0831A57277F82460049AB84 /* en.xcloc in Resources */,
				D0FF1F6C28822072007401E9 /* portfolios.png in Resources */,
				D0831A56277F82460049AB84 /* nl.xcloc in Resources */,
				D0B5249A277F9A4B00927BCA /* MemberListSections.strings in Resources */,
				D06061EA28A0456C00A675A7 /* PrivateMembersURL3.txt in Resources */,
				D0B52497277F9A4B00927BCA /* Localizable.strings in Resources */,
				D0831A51277F73C00049AB84 /* Preview Assets.xcassets in Resources */,
				D0B52494277F9A4B00927BCA /* Fotogroep-Waalre-InfoPlist.strings in Resources */,
				D06061E828A0453F00A675A7 /* PrivateMembersURL2.txt in Resources */,
				D08319EB277F70A40049AB84 /* Assets.xcassets in Resources */,
			);
			runOnlyForDeploymentPostprocessing = 0;
		};
		D08319F6277F70A50049AB84 /* Resources */ = {
			isa = PBXResourcesBuildPhase;
			buildActionMask = 2147483647;
			files = (
			);
			runOnlyForDeploymentPostprocessing = 0;
		};
		D0831A00277F70A50049AB84 /* Resources */ = {
			isa = PBXResourcesBuildPhase;
			buildActionMask = 2147483647;
			files = (
			);
			runOnlyForDeploymentPostprocessing = 0;
		};
/* End PBXResourcesBuildPhase section */

/* Begin PBXShellScriptBuildPhase section */
		D003AA7F278F896B001D57B7 /* Run IncrementBuildNumber script */ = {
			isa = PBXShellScriptBuildPhase;
			alwaysOutOfDate = 1;
			buildActionMask = 12;
			files = (
			);
			inputFileListPaths = (
			);
			inputPaths = (
			);
			name = "Run IncrementBuildNumber script";
			outputFileListPaths = (
			);
			outputPaths = (
			);
			runOnlyForDeploymentPostprocessing = 0;
			shellPath = /bin/sh;
			shellScript = "buildNumber=$(xcodebuild -showBuildSettings | grep CURRENT_PROJECT_VERSION | tr -d 'CURRENT_PROJECT_VERSION =')\n#buildNumber=`echo $buildNumber +1|bc`\nxcrun agvtool new-version $buildNumber\n";
			showEnvVarsInLog = 0;
		};
		D05FCD28278E4573008F41D0 /* Run UpdateVersionInSettingsBundle script */ = {
			isa = PBXShellScriptBuildPhase;
			alwaysOutOfDate = 1;
			buildActionMask = 2147483647;
			files = (
			);
			inputFileListPaths = (
			);
			inputPaths = (
			);
			name = "Run UpdateVersionInSettingsBundle script";
			outputFileListPaths = (
			);
			outputPaths = (
			);
			runOnlyForDeploymentPostprocessing = 0;
			shellPath = /bin/sh;
			shellScript = "# do not enable: no longer needed\n# buildNumber=$(xcodebuild -showBuildSettings | grep CURRENT_PROJECT_VERSION | tr -d 'CURRENT_PROJECT_VERSION =')\n# version=\"$MARKETING_VERSION ($buildNumber)\"\n# /usr/libexec/PlistBuddy \"$SRCROOT/Settings.bundle/Root.plist\" -c \"set PreferenceSpecifiers:1:DefaultValue $version\"\n";
		};
		D0831A15277F70D80049AB84 /* Run SwiftLint script */ = {
			isa = PBXShellScriptBuildPhase;
			alwaysOutOfDate = 1;
			buildActionMask = 12;
			files = (
			);
			inputFileListPaths = (
			);
			inputPaths = (
			);
			name = "Run SwiftLint script";
			outputFileListPaths = (
			);
			outputPaths = (
			);
			runOnlyForDeploymentPostprocessing = 0;
			shellPath = /bin/sh;
			shellScript = "export PATH=\"$PATH:/opt/homebrew/bin\"\nif which swiftlint >/dev/null; then\n  swiftlint\nelse\n  echo \"warning: SwiftLint not installed, download from https://github.com/realm/SwiftLint\"\nfi\n";
			showEnvVarsInLog = 0;
		};
/* End PBXShellScriptBuildPhase section */

/* Begin PBXSourcesBuildPhase section */
		D08319DF277F70A30049AB84 /* Sources */ = {
			isa = PBXSourcesBuildPhase;
			buildActionMask = 2147483647;
			files = (
				D0DE02772789D1B30062738C /* RoleIconView.swift in Sources */,
				D0831A33277F72590049AB84 /* BIMembersProvider+insertSomeMembers.swift in Sources */,
				D0831A45277F731C0049AB84 /* FoundationExtensions.swift in Sources */,
				D0831A1F277F72270049AB84 /* FilteredMemberPortfoliosView.swift in Sources */,
				D0831A34277F72590049AB84 /* BIMembersProvider.swift in Sources */,
				D0ADF4AE27922DCA00535432 /* MemberRolesAndStatus.swift in Sources */,
				D0831A38277F72590049AB84 /* PhotoClub.swift in Sources */,
				D06061ED28A05D4600A675A7 /* String+paths.swift in Sources */,
				D0275F5527E3E21F002FA4FE /* View+OnTapGesture.swift in Sources */,
				D0831A22277F72270049AB84 /* MemberPortfoliosView.swift in Sources */,
				D0A0884C27F8C697002CC8E1 /* TestMembersProvider+insertSomeMembers.swift in Sources */,
				D0AE1B7527889E8600E0100E /* PhotoClubsView.swift in Sources */,
				D0E449A327AECEC4003FDA37 /* ShapeStyle+Colors.swift in Sources */,
				D0E694C927EF9B450054D634 /* LockAnimationView.swift in Sources */,
				D032944A283F9D1D0044C70C /* Bundle+VersionBuild.swift in Sources */,
				D0831A44277F731C0049AB84 /* Published+UserDefaults.swift in Sources */,
				D024F11628423BE60055021B /* Sounds.swift in Sources */,
				D0831A36277F72590049AB84 /* FGWMembersProvider+insertSomeMembers.swift in Sources */,
				D0831A20277F72270049AB84 /* PhotoClubsInnerView.swift in Sources */,
				D0E2235427DE9139002A8600 /* AnimatedLogoView.swift in Sources */,
				D0AE1B782788A19500E0100E /* PhotographersView.swift in Sources */,
				D0831A21277F72270049AB84 /* PhotographersInnerView.swift in Sources */,
				D0831A3E277F72B70049AB84 /* Fotogroep_Waalre_2.xcdatamodeld in Sources */,
				D0831A35277F72590049AB84 /* SettingsStruct.swift in Sources */,
				D081655F278616930078AB16 /* SinglePortfolioView.swift in Sources */,
				D0831A47277F731C0049AB84 /* PersistenceController.swift in Sources */,
				D0A0884B27F8C697002CC8E1 /* TestMembersProvider.swift in Sources */,
				D08319E7277F70A30049AB84 /* Fotogroep_Waalre_App.swift in Sources */,
				D0831A1E277F72270049AB84 /* SettingsView.swift in Sources */,
				D0831A37277F72590049AB84 /* FGWMembersProvider.swift in Sources */,
				D0831A31277F72590049AB84 /* MemberPortfolio.swift in Sources */,
				D0831A32277F72590049AB84 /* Photographer.swift in Sources */,
				D02382B7279322B0001BFE59 /* DeviceOwnership.swift in Sources */,
				D081655B278611150078AB16 /* WebView.swift in Sources */,
				D044646527FCE7C100990613 /* UIDevice+IsIPad.swift in Sources */,
				D05E451E27EF2A2C00D31327 /* ReadmeView.swift in Sources */,
				D01D2B6227D3BBDC00E2FE41 /* View+Navigate.swift in Sources */,
			);
			runOnlyForDeploymentPostprocessing = 0;
		};
		D08319F4277F70A50049AB84 /* Sources */ = {
			isa = PBXSourcesBuildPhase;
			buildActionMask = 2147483647;
			files = (
				D08319FD277F70A50049AB84 /* Fotogroep_Waalre_2Tests.swift in Sources */,
			);
			runOnlyForDeploymentPostprocessing = 0;
		};
		D08319FE277F70A50049AB84 /* Sources */ = {
			isa = PBXSourcesBuildPhase;
			buildActionMask = 2147483647;
			files = (
				D0831A07277F70A50049AB84 /* Fotogroep_Waalre_2UITests.swift in Sources */,
				D0831A09277F70A50049AB84 /* Fotogroep_Waalre_2UITestsLaunchTests.swift in Sources */,
			);
			runOnlyForDeploymentPostprocessing = 0;
		};
/* End PBXSourcesBuildPhase section */

/* Begin PBXTargetDependency section */
		D08319FA277F70A50049AB84 /* PBXTargetDependency */ = {
			isa = PBXTargetDependency;
			target = D08319E2277F70A30049AB84 /* Fotogroep Waalre */;
			targetProxy = D08319F9277F70A50049AB84 /* PBXContainerItemProxy */;
		};
		D0831A04277F70A50049AB84 /* PBXTargetDependency */ = {
			isa = PBXTargetDependency;
			target = D08319E2277F70A30049AB84 /* Fotogroep Waalre */;
			targetProxy = D0831A03277F70A50049AB84 /* PBXContainerItemProxy */;
		};
/* End PBXTargetDependency section */

/* Begin PBXVariantGroup section */
		D0B52492277F9A4B00927BCA /* Fotogroep-Waalre-InfoPlist.strings */ = {
			isa = PBXVariantGroup;
			children = (
				D0B52493277F9A4B00927BCA /* nl */,
				D08267C6277FA2E200598C24 /* en */,
			);
			name = "Fotogroep-Waalre-InfoPlist.strings";
			sourceTree = "<group>";
		};
		D0B52495277F9A4B00927BCA /* Localizable.strings */ = {
			isa = PBXVariantGroup;
			children = (
				D0B52496277F9A4B00927BCA /* nl */,
				D0CB581228149D18005D496F /* en */,
			);
			name = Localizable.strings;
			sourceTree = "<group>";
		};
		D0B52498277F9A4B00927BCA /* MemberListSections.strings */ = {
			isa = PBXVariantGroup;
			children = (
				D0B52499277F9A4B00927BCA /* nl */,
			);
			name = MemberListSections.strings;
			sourceTree = "<group>";
		};
/* End PBXVariantGroup section */

/* Begin XCBuildConfiguration section */
		D0831A0A277F70A50049AB84 /* Debug */ = {
			isa = XCBuildConfiguration;
			buildSettings = {
				ALWAYS_SEARCH_USER_PATHS = NO;
				CLANG_ANALYZER_LOCALIZABILITY_NONLOCALIZED = YES;
				CLANG_ANALYZER_NONNULL = YES;
				CLANG_ANALYZER_NUMBER_OBJECT_CONVERSION = YES_AGGRESSIVE;
				CLANG_CXX_LANGUAGE_STANDARD = "gnu++17";
				CLANG_CXX_LIBRARY = "libc++";
				CLANG_ENABLE_MODULES = YES;
				CLANG_ENABLE_OBJC_ARC = YES;
				CLANG_ENABLE_OBJC_WEAK = YES;
				CLANG_WARN_BLOCK_CAPTURE_AUTORELEASING = YES;
				CLANG_WARN_BOOL_CONVERSION = YES;
				CLANG_WARN_COMMA = YES;
				CLANG_WARN_CONSTANT_CONVERSION = YES;
				CLANG_WARN_DEPRECATED_OBJC_IMPLEMENTATIONS = YES;
				CLANG_WARN_DIRECT_OBJC_ISA_USAGE = YES_ERROR;
				CLANG_WARN_DOCUMENTATION_COMMENTS = YES;
				CLANG_WARN_EMPTY_BODY = YES;
				CLANG_WARN_ENUM_CONVERSION = YES;
				CLANG_WARN_INFINITE_RECURSION = YES;
				CLANG_WARN_INT_CONVERSION = YES;
				CLANG_WARN_NON_LITERAL_NULL_CONVERSION = YES;
				CLANG_WARN_OBJC_IMPLICIT_RETAIN_SELF = YES;
				CLANG_WARN_OBJC_LITERAL_CONVERSION = YES;
				CLANG_WARN_OBJC_ROOT_CLASS = YES_ERROR;
				CLANG_WARN_QUOTED_INCLUDE_IN_FRAMEWORK_HEADER = YES;
				CLANG_WARN_RANGE_LOOP_ANALYSIS = YES;
				CLANG_WARN_STRICT_PROTOTYPES = YES;
				CLANG_WARN_SUSPICIOUS_MOVE = YES;
				CLANG_WARN_UNGUARDED_AVAILABILITY = YES_AGGRESSIVE;
				CLANG_WARN_UNREACHABLE_CODE = YES;
				CLANG_WARN__DUPLICATE_METHOD_MATCH = YES;
				COPY_PHASE_STRIP = NO;
				DEBUG_INFORMATION_FORMAT = dwarf;
				ENABLE_STRICT_OBJC_MSGSEND = YES;
				ENABLE_TESTABILITY = YES;
				GCC_C_LANGUAGE_STANDARD = gnu11;
				GCC_DYNAMIC_NO_PIC = NO;
				GCC_NO_COMMON_BLOCKS = YES;
				GCC_OPTIMIZATION_LEVEL = 0;
				GCC_PREPROCESSOR_DEFINITIONS = (
					"DEBUG=1",
					"$(inherited)",
				);
				GCC_WARN_64_TO_32_BIT_CONVERSION = YES;
				GCC_WARN_ABOUT_RETURN_TYPE = YES_ERROR;
				GCC_WARN_UNDECLARED_SELECTOR = YES;
				GCC_WARN_UNINITIALIZED_AUTOS = YES_AGGRESSIVE;
				GCC_WARN_UNUSED_FUNCTION = YES;
				GCC_WARN_UNUSED_VARIABLE = YES;
				IPHONEOS_DEPLOYMENT_TARGET = 15.5;
				MTL_ENABLE_DEBUG_INFO = INCLUDE_SOURCE;
				MTL_FAST_MATH = YES;
				ONLY_ACTIVE_ARCH = YES;
				SDKROOT = iphoneos;
				SWIFT_ACTIVE_COMPILATION_CONDITIONS = DEBUG;
				SWIFT_EMIT_LOC_STRINGS = YES;
				SWIFT_OPTIMIZATION_LEVEL = "-Onone";
			};
			name = Debug;
		};
		D0831A0B277F70A50049AB84 /* Release */ = {
			isa = XCBuildConfiguration;
			buildSettings = {
				ALWAYS_SEARCH_USER_PATHS = NO;
				CLANG_ANALYZER_LOCALIZABILITY_NONLOCALIZED = YES;
				CLANG_ANALYZER_NONNULL = YES;
				CLANG_ANALYZER_NUMBER_OBJECT_CONVERSION = YES_AGGRESSIVE;
				CLANG_CXX_LANGUAGE_STANDARD = "gnu++17";
				CLANG_CXX_LIBRARY = "libc++";
				CLANG_ENABLE_MODULES = YES;
				CLANG_ENABLE_OBJC_ARC = YES;
				CLANG_ENABLE_OBJC_WEAK = YES;
				CLANG_WARN_BLOCK_CAPTURE_AUTORELEASING = YES;
				CLANG_WARN_BOOL_CONVERSION = YES;
				CLANG_WARN_COMMA = YES;
				CLANG_WARN_CONSTANT_CONVERSION = YES;
				CLANG_WARN_DEPRECATED_OBJC_IMPLEMENTATIONS = YES;
				CLANG_WARN_DIRECT_OBJC_ISA_USAGE = YES_ERROR;
				CLANG_WARN_DOCUMENTATION_COMMENTS = YES;
				CLANG_WARN_EMPTY_BODY = YES;
				CLANG_WARN_ENUM_CONVERSION = YES;
				CLANG_WARN_INFINITE_RECURSION = YES;
				CLANG_WARN_INT_CONVERSION = YES;
				CLANG_WARN_NON_LITERAL_NULL_CONVERSION = YES;
				CLANG_WARN_OBJC_IMPLICIT_RETAIN_SELF = YES;
				CLANG_WARN_OBJC_LITERAL_CONVERSION = YES;
				CLANG_WARN_OBJC_ROOT_CLASS = YES_ERROR;
				CLANG_WARN_QUOTED_INCLUDE_IN_FRAMEWORK_HEADER = YES;
				CLANG_WARN_RANGE_LOOP_ANALYSIS = YES;
				CLANG_WARN_STRICT_PROTOTYPES = YES;
				CLANG_WARN_SUSPICIOUS_MOVE = YES;
				CLANG_WARN_UNGUARDED_AVAILABILITY = YES_AGGRESSIVE;
				CLANG_WARN_UNREACHABLE_CODE = YES;
				CLANG_WARN__DUPLICATE_METHOD_MATCH = YES;
				COPY_PHASE_STRIP = NO;
				DEBUG_INFORMATION_FORMAT = "dwarf-with-dsym";
				ENABLE_NS_ASSERTIONS = NO;
				ENABLE_STRICT_OBJC_MSGSEND = YES;
				GCC_C_LANGUAGE_STANDARD = gnu11;
				GCC_NO_COMMON_BLOCKS = YES;
				GCC_WARN_64_TO_32_BIT_CONVERSION = YES;
				GCC_WARN_ABOUT_RETURN_TYPE = YES_ERROR;
				GCC_WARN_UNDECLARED_SELECTOR = YES;
				GCC_WARN_UNINITIALIZED_AUTOS = YES_AGGRESSIVE;
				GCC_WARN_UNUSED_FUNCTION = YES;
				GCC_WARN_UNUSED_VARIABLE = YES;
				IPHONEOS_DEPLOYMENT_TARGET = 15.5;
				MTL_ENABLE_DEBUG_INFO = NO;
				MTL_FAST_MATH = YES;
				SDKROOT = iphoneos;
				SWIFT_COMPILATION_MODE = wholemodule;
				SWIFT_EMIT_LOC_STRINGS = YES;
				SWIFT_OPTIMIZATION_LEVEL = "-O";
				VALIDATE_PRODUCT = YES;
			};
			name = Release;
		};
		D0831A0D277F70A50049AB84 /* Debug */ = {
			isa = XCBuildConfiguration;
			buildSettings = {
				ASSETCATALOG_COMPILER_APPICON_NAME = AppIcon;
				ASSETCATALOG_COMPILER_GLOBAL_ACCENT_COLOR_NAME = AccentColor;
				CODE_SIGN_ENTITLEMENTS = "Fotogroep Waalre/Fotogroep Waalre.entitlements";
				CODE_SIGN_STYLE = Automatic;
				CURRENT_PROJECT_VERSION = 4382;
				DEVELOPMENT_ASSET_PATHS = "\"Fotogroep Waalre/Preview Content\"";
				DEVELOPMENT_TEAM = YDEWPN9GZ6;
				ENABLE_PREVIEWS = YES;
				GENERATE_INFOPLIST_FILE = YES;
				INFOPLIST_FILE = "Fotogroep-Waalre-Info.plist";
				INFOPLIST_KEY_UIApplicationSceneManifest_Generation = YES;
				INFOPLIST_KEY_UIApplicationSupportsIndirectInputEvents = YES;
				INFOPLIST_KEY_UILaunchScreen_Generation = YES;
				INFOPLIST_KEY_UISupportedInterfaceOrientations_iPad = "UIInterfaceOrientationPortrait UIInterfaceOrientationPortraitUpsideDown UIInterfaceOrientationLandscapeLeft UIInterfaceOrientationLandscapeRight";
				INFOPLIST_KEY_UISupportedInterfaceOrientations_iPhone = "UIInterfaceOrientationPortrait UIInterfaceOrientationLandscapeLeft UIInterfaceOrientationLandscapeRight";
				IPHONEOS_DEPLOYMENT_TARGET = 16.0;
				LD_RUNPATH_SEARCH_PATHS = (
					"$(inherited)",
					"@executable_path/Frameworks",
				);
				MACOSX_DEPLOYMENT_TARGET = 13.0;
				MARKETING_VERSION = 2.2.0;
				PRODUCT_BUNDLE_IDENTIFIER = "com.vdhamer.Fotogroep-Waalre";
				PRODUCT_NAME = "$(TARGET_NAME)";
				SUPPORTED_PLATFORMS = "iphoneos iphonesimulator";
				SUPPORTS_MACCATALYST = NO;
				SUPPORTS_MAC_DESIGNED_FOR_IPHONE_IPAD = YES;
				SWIFT_EMIT_LOC_STRINGS = YES;
				SWIFT_VERSION = 5.0;
				TARGETED_DEVICE_FAMILY = "1,2";
			};
			name = Debug;
		};
		D0831A0E277F70A50049AB84 /* Release */ = {
			isa = XCBuildConfiguration;
			buildSettings = {
				ASSETCATALOG_COMPILER_APPICON_NAME = AppIcon;
				ASSETCATALOG_COMPILER_GLOBAL_ACCENT_COLOR_NAME = AccentColor;
				CODE_SIGN_ENTITLEMENTS = "Fotogroep Waalre/Fotogroep Waalre.entitlements";
				CODE_SIGN_STYLE = Automatic;
				CURRENT_PROJECT_VERSION = 4382;
				DEVELOPMENT_ASSET_PATHS = "\"Fotogroep Waalre/Preview Content\"";
				DEVELOPMENT_TEAM = YDEWPN9GZ6;
				ENABLE_PREVIEWS = YES;
				GENERATE_INFOPLIST_FILE = YES;
				INFOPLIST_FILE = "Fotogroep-Waalre-Info.plist";
				INFOPLIST_KEY_UIApplicationSceneManifest_Generation = YES;
				INFOPLIST_KEY_UIApplicationSupportsIndirectInputEvents = YES;
				INFOPLIST_KEY_UILaunchScreen_Generation = YES;
				INFOPLIST_KEY_UISupportedInterfaceOrientations_iPad = "UIInterfaceOrientationPortrait UIInterfaceOrientationPortraitUpsideDown UIInterfaceOrientationLandscapeLeft UIInterfaceOrientationLandscapeRight";
				INFOPLIST_KEY_UISupportedInterfaceOrientations_iPhone = "UIInterfaceOrientationPortrait UIInterfaceOrientationLandscapeLeft UIInterfaceOrientationLandscapeRight";
				IPHONEOS_DEPLOYMENT_TARGET = 16.0;
				LD_RUNPATH_SEARCH_PATHS = (
					"$(inherited)",
					"@executable_path/Frameworks",
				);
				MACOSX_DEPLOYMENT_TARGET = 13.0;
				MARKETING_VERSION = 2.2.0;
				PRODUCT_BUNDLE_IDENTIFIER = "com.vdhamer.Fotogroep-Waalre";
				PRODUCT_NAME = "$(TARGET_NAME)";
				SUPPORTED_PLATFORMS = "iphoneos iphonesimulator";
				SUPPORTS_MACCATALYST = NO;
				SUPPORTS_MAC_DESIGNED_FOR_IPHONE_IPAD = YES;
				SWIFT_EMIT_LOC_STRINGS = YES;
				SWIFT_VERSION = 5.0;
				TARGETED_DEVICE_FAMILY = "1,2";
			};
			name = Release;
		};
		D0831A10277F70A50049AB84 /* Debug */ = {
			isa = XCBuildConfiguration;
			buildSettings = {
				ALWAYS_EMBED_SWIFT_STANDARD_LIBRARIES = YES;
				BUNDLE_LOADER = "$(TEST_HOST)";
				CODE_SIGN_STYLE = Automatic;
				CURRENT_PROJECT_VERSION = 4382;
				DEVELOPMENT_TEAM = YDEWPN9GZ6;
				GENERATE_INFOPLIST_FILE = YES;
				IPHONEOS_DEPLOYMENT_TARGET = 15.2;
				MARKETING_VERSION = 1.0;
				PRODUCT_BUNDLE_IDENTIFIER = "com.vdhamer.Fotogroep-Waalre-2Tests";
				PRODUCT_NAME = "$(TARGET_NAME)";
				SWIFT_EMIT_LOC_STRINGS = NO;
				SWIFT_VERSION = 5.0;
				TARGETED_DEVICE_FAMILY = "1,2";
				TEST_HOST = "$(BUILT_PRODUCTS_DIR)/Fotogroep Waalre.app/Fotogroep Waalre";
			};
			name = Debug;
		};
		D0831A11277F70A50049AB84 /* Release */ = {
			isa = XCBuildConfiguration;
			buildSettings = {
				ALWAYS_EMBED_SWIFT_STANDARD_LIBRARIES = YES;
				BUNDLE_LOADER = "$(TEST_HOST)";
				CODE_SIGN_STYLE = Automatic;
				CURRENT_PROJECT_VERSION = 4382;
				DEVELOPMENT_TEAM = YDEWPN9GZ6;
				GENERATE_INFOPLIST_FILE = YES;
				IPHONEOS_DEPLOYMENT_TARGET = 15.2;
				MARKETING_VERSION = 1.0;
				PRODUCT_BUNDLE_IDENTIFIER = "com.vdhamer.Fotogroep-Waalre-2Tests";
				PRODUCT_NAME = "$(TARGET_NAME)";
				SWIFT_EMIT_LOC_STRINGS = NO;
				SWIFT_VERSION = 5.0;
				TARGETED_DEVICE_FAMILY = "1,2";
				TEST_HOST = "$(BUILT_PRODUCTS_DIR)/Fotogroep Waalre.app/Fotogroep Waalre";
			};
			name = Release;
		};
		D0831A13277F70A50049AB84 /* Debug */ = {
			isa = XCBuildConfiguration;
			buildSettings = {
				ALWAYS_EMBED_SWIFT_STANDARD_LIBRARIES = YES;
				CODE_SIGN_STYLE = Automatic;
				CURRENT_PROJECT_VERSION = 4382;
				DEVELOPMENT_TEAM = YDEWPN9GZ6;
				GENERATE_INFOPLIST_FILE = YES;
				MARKETING_VERSION = 1.0;
				PRODUCT_BUNDLE_IDENTIFIER = "com.vdhamer.Fotogroep-Waalre-2UITests";
				PRODUCT_NAME = "$(TARGET_NAME)";
				SWIFT_EMIT_LOC_STRINGS = NO;
				SWIFT_VERSION = 5.0;
				TARGETED_DEVICE_FAMILY = "1,2";
				TEST_TARGET_NAME = "Fotogroep Waalre 2";
			};
			name = Debug;
		};
		D0831A14277F70A50049AB84 /* Release */ = {
			isa = XCBuildConfiguration;
			buildSettings = {
				ALWAYS_EMBED_SWIFT_STANDARD_LIBRARIES = YES;
				CODE_SIGN_STYLE = Automatic;
				CURRENT_PROJECT_VERSION = 4382;
				DEVELOPMENT_TEAM = YDEWPN9GZ6;
				GENERATE_INFOPLIST_FILE = YES;
				MARKETING_VERSION = 1.0;
				PRODUCT_BUNDLE_IDENTIFIER = "com.vdhamer.Fotogroep-Waalre-2UITests";
				PRODUCT_NAME = "$(TARGET_NAME)";
				SWIFT_EMIT_LOC_STRINGS = NO;
				SWIFT_VERSION = 5.0;
				TARGETED_DEVICE_FAMILY = "1,2";
				TEST_TARGET_NAME = "Fotogroep Waalre 2";
			};
			name = Release;
		};
/* End XCBuildConfiguration section */

/* Begin XCConfigurationList section */
		D08319DE277F70A30049AB84 /* Build configuration list for PBXProject "Fotogroep Waalre" */ = {
			isa = XCConfigurationList;
			buildConfigurations = (
				D0831A0A277F70A50049AB84 /* Debug */,
				D0831A0B277F70A50049AB84 /* Release */,
			);
			defaultConfigurationIsVisible = 0;
			defaultConfigurationName = Release;
		};
		D0831A0C277F70A50049AB84 /* Build configuration list for PBXNativeTarget "Fotogroep Waalre" */ = {
			isa = XCConfigurationList;
			buildConfigurations = (
				D0831A0D277F70A50049AB84 /* Debug */,
				D0831A0E277F70A50049AB84 /* Release */,
			);
			defaultConfigurationIsVisible = 0;
			defaultConfigurationName = Release;
		};
		D0831A0F277F70A50049AB84 /* Build configuration list for PBXNativeTarget "Fotogroep WaalreTests" */ = {
			isa = XCConfigurationList;
			buildConfigurations = (
				D0831A10277F70A50049AB84 /* Debug */,
				D0831A11277F70A50049AB84 /* Release */,
			);
			defaultConfigurationIsVisible = 0;
			defaultConfigurationName = Release;
		};
		D0831A12277F70A50049AB84 /* Build configuration list for PBXNativeTarget "Fotogroep WaalreUITests" */ = {
			isa = XCConfigurationList;
			buildConfigurations = (
				D0831A13277F70A50049AB84 /* Debug */,
				D0831A14277F70A50049AB84 /* Release */,
			);
			defaultConfigurationIsVisible = 0;
			defaultConfigurationName = Release;
		};
/* End XCConfigurationList section */

/* Begin XCVersionGroup section */
		D0831A3C277F72B70049AB84 /* Fotogroep_Waalre_2.xcdatamodeld */ = {
			isa = XCVersionGroup;
			children = (
				D06770F928CE445E00832079 /* Fotogroep_Waalre_2_2_0.xcdatamodel */,
				D09D543428C4BD8300DC37C9 /* Fotogroep_Waalre_2_1_1.xcdatamodel */,
				D077EBB52846D134002811F9 /* Fotogroep_Waalre_2_0_11.xcdatamodel */,
				D083093D283C41630072D268 /* Fotogroep_Waalre_2_1_0.xcdatamodel */,
				D02A71332829C56F0071EF74 /* Fotogroep_Waalre_2_0_9.xcdatamodel */,
				D02E4C8D281F41AF005C32D0 /* Fotogroep_Waalre_2_0_8.xcdatamodel */,
				D0333C7C27F88BAC00AF651E /* Fotogroep_Waalre_2_0_7.xcdatamodel */,
				D0FDC51827F6653D008CD990 /* Fotogroep_Waalre_2_0_6.xcdatamodel */,
				D07DD91327EA96E900472266 /* Fotogroep_Waalre_2_0_5.xcdatamodel */,
				D0E2235627DE9D0F002A8600 /* Fotogroep_Waalre_2_0_4.xcdatamodel */,
				D007030F279A23A600DC33AA /* Fotogroep_Waalre_2_0_ 3.xcdatamodel */,
				D0B1EDBA279771A500D37431 /* Fotogroep_Waalre_2_0_2.xcdatamodel */,
				D0831A3D277F72B70049AB84 /* Fotogroep_Waalre.xcdatamodel */,
			);
			currentVersion = D09D543428C4BD8300DC37C9 /* Fotogroep_Waalre_2_1_1.xcdatamodel */;
			path = Fotogroep_Waalre_2.xcdatamodeld;
			sourceTree = "<group>";
			versionGroupType = wrapper.xcdatamodel;
		};
/* End XCVersionGroup section */
	};
	rootObject = D08319DB277F70A30049AB84 /* Project object */;
}
