{
  "originHash" : "5ab03b740c21535eefb898c36c08a2a4062b12316a887524aa2d6c7590bfad3e",
  "pins" : [
    {
      "identity" : "photo-club-hub-data",
      "kind" : "remoteSourceControl",
      "location" : "https://github.com/vdhamer/Photo-Club-Hub-Data",
      "state" : {
        "revision" : "132515de0b03033aa758b2a4f6a4c132955ae137",
        "version" : "3.0.1"
      }
    },
    {
      "identity" : "semanticcolorpicker",
      "kind" : "remoteSourceControl",
      "location" : "https://github.com/borisovodov/SemanticColorPicker",
      "state" : {
        "revision" : "532afc08a0f5a635d44f91f9ff7450fe72dfccbf",
        "version" : "2.0.0"
      }
    },
    {
      "identity" : "swiftyjson",
      "kind" : "remoteSourceControl",
      "location" : "https://github.com/SwiftyJSON/SwiftyJSON",
      "state" : {
        "revision" : "af76cf3ef710b6ca5f8c05f3a31307d44a3c5828",
        "version" : "5.0.2"
      }
    }
  ],
  "version" : 3
}
