{
  "pins" : [
    {
      "identity" : "roadmap",
      "kind" : "remoteSourceControl",
      "location" : "https://github.com/AvdLee/Roadmap",
      "state" : {
        "branch" : "main",
        "revision" : "021ab82669d0858097b573ad0059cd22e2fb4daf"
      }
    },
    {
      "identity" : "swiftyjson",
      "kind" : "remoteSourceControl",
      "location" : "https://github.com/SwiftyJSON/SwiftyJSON",
      "state" : {
        "revision" : "b3dcd7dbd0d488e1a7077cb33b00f2083e382f07",
        "version" : "5.0.1"
      }
    }
  ],
  "version" : 2
}
